<?xml version="1.0" encoding="utf-8"?>
<Project ToolsVersion="4.0" xmlns="http://schemas.microsoft.com/developer/msbuild/2003">
  <ItemGroup>
    <Filter Include="Source Files">
      <UniqueIdentifier>{4FC737F1-C7A5-4376-A066-2A32D752A2FF}</UniqueIdentifier>
      <Extensions>cpp;c;cc;cxx;def;odl;idl;hpj;bat;asm;asmx</Extensions>
    </Filter>
    <Filter Include="Header Files">
      <UniqueIdentifier>{93995380-89BD-4b04-88EB-625FBE52EBFB}</UniqueIdentifier>
      <Extensions>h;hpp;hxx;hm;inl;inc;xsd</Extensions>
    </Filter>
    <Filter Include="Resource Files">
      <UniqueIdentifier>{67DA6AB6-F800-4c08-8B7A-83BB121AAD01}</UniqueIdentifier>
      <Extensions>rc;ico;cur;bmp;dlg;rc2;rct;bin;rgs;gif;jpg;jpeg;jpe;resx;tiff;tif;png;wav</Extensions>
    </Filter>
    <Filter Include="Ikc">
      <UniqueIdentifier>{1d678bdc-b8fe-43d9-8f08-59740c3ec679}</UniqueIdentifier>
    </Filter>
    <Filter Include="js">
      <UniqueIdentifier>{ca6fd017-b58b-4c9b-960f-5be00f3eb6a3}</UniqueIdentifier>
    </Filter>
    <Filter Include="Lib">
      <UniqueIdentifier>{2358edf1-38c3-471a-9a7f-1714d981b3cb}</UniqueIdentifier>
    </Filter>
    <Filter Include="Kernel">
      <UniqueIdentifier>{d3d3ec7c-3cce-4b53-b3a9-f5efb7bdc6a8}</UniqueIdentifier>
    </Filter>
  </ItemGroup>
  <ItemGroup>
    <ClCompile Include="source\kernel\main.cc">
      <Filter>Source Files</Filter>
    </ClCompile>
    <ClCompile Include="source\modules\ann\perceptron\Perceptron.cc">
      <Filter>Source Files</Filter>
    </ClCompile>
    <ClCompile Include="source\modules\brainmodels\moren2002\m02_amygdala\M02_Amygdala.cc">
      <Filter>Source Files</Filter>
    </ClCompile>
    <ClCompile Include="source\modules\brainmodels\moren2002\m02_cortex\M02_Cortex.cc">
      <Filter>Source Files</Filter>
    </ClCompile>
    <ClCompile Include="source\modules\brainmodels\moren2002\m02_hippocampus\M02_Hippocampus.cc">
      <Filter>Source Files</Filter>
    </ClCompile>
    <ClCompile Include="source\modules\brainmodels\moren2002\m02_ofc\M02_OFC.cc">
      <Filter>Source Files</Filter>
    </ClCompile>
    <ClCompile Include="source\modules\brainmodels\moren2002\m02_sensorycortex\M02_SensoryCortex.cc">
      <Filter>Source Files</Filter>
    </ClCompile>
    <ClCompile Include="source\modules\brainmodels\moren2002\m02_thalamus\M02_Thalamus.cc">
      <Filter>Source Files</Filter>
    </ClCompile>
    <ClCompile Include="source\modules\codingmodules\coarsecoder\CoarseCoder.cc">
      <Filter>Source Files</Filter>
    </ClCompile>
    <ClCompile Include="source\modules\codingmodules\intervalcoder\IntervalCoder.cc">
      <Filter>Source Files</Filter>
    </ClCompile>
    <ClCompile Include="source\modules\codingmodules\intervaldecoder\IntervalDecoder.cc">
      <Filter>Source Files</Filter>
    </ClCompile>
    <ClCompile Include="source\modules\controlmodules\kalmanfilter\KalmanFilter.cc">
      <Filter>Source Files</Filter>
    </ClCompile>
    <ClCompile Include="source\modules\controlmodules\pidcontroller\PIDController.cc">
      <Filter>Source Files</Filter>
    </ClCompile>
    <ClCompile Include="source\modules\environmentmodules\gridworld\GridWorld.cc">
      <Filter>Source Files</Filter>
    </ClCompile>
    <ClCompile Include="source\modules\environmentmodules\mazegenerator\MazeGenerator.cc">
      <Filter>Source Files</Filter>
    </ClCompile>
    <ClCompile Include="source\modules\environmentmodules\planararm\PlanarArm.cc">
      <Filter>Source Files</Filter>
    </ClCompile>
    <ClCompile Include="source\modules\examples\delayone\DelayOne.cc">
      <Filter>Source Files</Filter>
    </ClCompile>
    <ClCompile Include="source\modules\examples\sum\Sum.cc">
      <Filter>Source Files</Filter>
    </ClCompile>
    <ClCompile Include="source\modules\iomodules\fileinput\inputfile\InputFile.cc">
      <Filter>Source Files</Filter>
    </ClCompile>
    <ClCompile Include="source\modules\iomodules\fileinput\inputjpeg\InputJPEG.cc">
      <Filter>Source Files</Filter>
    </ClCompile>
    <ClCompile Include="source\modules\iomodules\fileinput\inputpng\InputPNG.cc">
      <Filter>Source Files</Filter>
    </ClCompile>
    <ClCompile Include="source\modules\iomodules\fileinput\inputrawimage\InputRawImage.cc">
      <Filter>Source Files</Filter>
    </ClCompile>
    <ClCompile Include="source\modules\iomodules\fileoutput\outputfile\OutputFile.cc">
      <Filter>Source Files</Filter>
    </ClCompile>
    <ClCompile Include="source\modules\iomodules\fileoutput\outputjpeg\OutputJPEG.cc">
      <Filter>Source Files</Filter>
    </ClCompile>
    <ClCompile Include="source\modules\iomodules\fileoutput\outputpng\OutputPNG.cc">
      <Filter>Source Files</Filter>
    </ClCompile>
    <ClCompile Include="source\modules\iomodules\fileoutput\outputqtaudiovisual\OutputQTAudioVisual.cc">
      <Filter>Source Files</Filter>
    </ClCompile>
    <ClCompile Include="source\modules\iomodules\fileoutput\outputrawimage\OutputRawImage.cc">
      <Filter>Source Files</Filter>
    </ClCompile>
    <ClCompile Include="source\modules\learningmodules\knn\KD_Tree.cc">
      <Filter>Source Files</Filter>
    </ClCompile>
    <ClCompile Include="source\modules\learningmodules\knn\KNN.cc">
      <Filter>Source Files</Filter>
    </ClCompile>
    <ClCompile Include="source\modules\learningmodules\knn_pick\KNN_Pick.cc">
      <Filter>Source Files</Filter>
    </ClCompile>
    <ClCompile Include="source\modules\learningmodules\linearassociator\LinearAssociator.cc">
      <Filter>Source Files</Filter>
    </ClCompile>
    <ClCompile Include="source\modules\learningmodules\qlearning\QLearning.cc">
      <Filter>Source Files</Filter>
    </ClCompile>
    <ClCompile Include="source\modules\robotmodules\dynamixel\Dynamixel.cc">
      <Filter>Source Files</Filter>
    </ClCompile>
    <ClCompile Include="source\modules\robotmodules\dynamixel\DynamixelComm.cc">
      <Filter>Source Files</Filter>
    </ClCompile>
    <ClCompile Include="source\modules\robotmodules\dynamixel\DynamixelConfigure.cc">
      <Filter>Source Files</Filter>
    </ClCompile>
    <ClCompile Include="source\modules\robotmodules\dynamixel\DynamixelServo.cc">
      <Filter>Source Files</Filter>
    </ClCompile>
    <ClCompile Include="source\modules\robotmodules\epuck\Epuck.cc">
      <Filter>Source Files</Filter>
    </ClCompile>
    <ClCompile Include="source\modules\robotmodules\ssc32\SSC32.cc">
      <Filter>Source Files</Filter>
    </ClCompile>
    <ClCompile Include="source\modules\utilitymodules\abs\Abs.cc">
      <Filter>Source Files</Filter>
    </ClCompile>
    <ClCompile Include="source\modules\utilitymodules\add\Add.cc">
      <Filter>Source Files</Filter>
    </ClCompile>
    <ClCompile Include="source\modules\utilitymodules\arbiter\Arbiter.cc">
      <Filter>Source Files</Filter>
    </ClCompile>
    <ClCompile Include="source\modules\utilitymodules\argmax\ArgMax.cc">
      <Filter>Source Files</Filter>
    </ClCompile>
    <ClCompile Include="source\modules\utilitymodules\average\Average.cc">
      <Filter>Source Files</Filter>
    </ClCompile>
    <ClCompile Include="source\modules\utilitymodules\constant\Constant.cc">
      <Filter>Source Files</Filter>
    </ClCompile>
    <ClCompile Include="source\modules\utilitymodules\counter\Counter.cc">
      <Filter>Source Files</Filter>
    </ClCompile>
    <ClCompile Include="source\modules\utilitymodules\delay\Delay.cc">
      <Filter>Source Files</Filter>
    </ClCompile>
    <ClCompile Include="source\modules\utilitymodules\distance\Distance.cc">
      <Filter>Source Files</Filter>
    </ClCompile>
    <ClCompile Include="source\modules\utilitymodules\divide\Divide.cc">
      <Filter>Source Files</Filter>
    </ClCompile>
    <ClCompile Include="source\modules\utilitymodules\functiongenerator\FunctionGenerator.cc">
      <Filter>Source Files</Filter>
    </ClCompile>
    <ClCompile Include="source\modules\utilitymodules\gate\Gate.cc">
      <Filter>Source Files</Filter>
    </ClCompile>
    <ClCompile Include="source\modules\utilitymodules\integrator\Integrator.cc">
      <Filter>Source Files</Filter>
    </ClCompile>
    <ClCompile Include="source\modules\utilitymodules\matrixmultiply\MatrixMultiply.cc">
      <Filter>Source Files</Filter>
    </ClCompile>
    <ClCompile Include="source\modules\utilitymodules\max\Max.cc">
      <Filter>Source Files</Filter>
    </ClCompile>
    <ClCompile Include="source\modules\utilitymodules\min\Min.cc">
      <Filter>Source Files</Filter>
    </ClCompile>
    <ClCompile Include="source\modules\utilitymodules\multiply\Multiply.cc">
      <Filter>Source Files</Filter>
    </ClCompile>
    <ClCompile Include="source\modules\utilitymodules\noise\Noise.cc">
      <Filter>Source Files</Filter>
    </ClCompile>
    <ClCompile Include="source\modules\utilitymodules\normalize\Normalize.cc">
      <Filter>Source Files</Filter>
    </ClCompile>
    <ClCompile Include="source\modules\utilitymodules\outerproduct\OuterProduct.cc">
      <Filter>Source Files</Filter>
    </ClCompile>
    <ClCompile Include="source\modules\utilitymodules\polynomial\Polynomial.cc">
      <Filter>Source Files</Filter>
    </ClCompile>
    <ClCompile Include="source\modules\utilitymodules\randomizer\Randomizer.cc">
      <Filter>Source Files</Filter>
    </ClCompile>
    <ClCompile Include="source\modules\utilitymodules\scale\Scale.cc">
      <Filter>Source Files</Filter>
    </ClCompile>
    <ClCompile Include="source\modules\utilitymodules\selectmax\SelectMax.cc">
      <Filter>Source Files</Filter>
    </ClCompile>
    <ClCompile Include="source\modules\utilitymodules\shift\Shift.cc">
      <Filter>Source Files</Filter>
    </ClCompile>
    <ClCompile Include="source\modules\utilitymodules\softmax\Softmax.cc">
      <Filter>Source Files</Filter>
    </ClCompile>
    <ClCompile Include="source\modules\utilitymodules\subtract\Subtract.cc">
      <Filter>Source Files</Filter>
    </ClCompile>
    <ClCompile Include="source\modules\utilitymodules\sweep\Sweep.cc">
      <Filter>Source Files</Filter>
    </ClCompile>
    <ClCompile Include="source\modules\utilitymodules\threshold\Threshold.cc">
      <Filter>Source Files</Filter>
    </ClCompile>
    <ClCompile Include="source\modules\visionmodules\attentionfocus\AttentionFocus.cc">
      <Filter>Source Files</Filter>
    </ClCompile>
    <ClCompile Include="source\modules\visionmodules\colorclassifier\ColorClassifier.cc">
      <Filter>Source Files</Filter>
    </ClCompile>
    <ClCompile Include="source\modules\visionmodules\colormatch\ColorMatch.cc">
      <Filter>Source Files</Filter>
    </ClCompile>
    <ClCompile Include="source\modules\visionmodules\colortransform\ColorTransform.cc">
      <Filter>Source Files</Filter>
    </ClCompile>
    <ClCompile Include="source\modules\visionmodules\depthprocessing\depthcontourtrace\DepthContourTrace.cc">
      <Filter>Source Files</Filter>
    </ClCompile>
    <ClCompile Include="source\modules\visionmodules\depthprocessing\depthhistogram\DepthHistogram.cc">
      <Filter>Source Files</Filter>
    </ClCompile>
    <ClCompile Include="source\modules\visionmodules\depthprocessing\depthsegmentation\DepthSegmentation.cc">
      <Filter>Source Files</Filter>
    </ClCompile>
    <ClCompile Include="source\modules\visionmodules\imageconvolution\ImageConvolution.cc">
      <Filter>Source Files</Filter>
    </ClCompile>
    <ClCompile Include="source\modules\visionmodules\imageoperators\changedetector\ChangeDetector.cc">
      <Filter>Source Files</Filter>
    </ClCompile>
    <ClCompile Include="source\modules\visionmodules\imageoperators\curvaturedetectors\harrisdetector\HarrisDetector.cc">
      <Filter>Source Files</Filter>
    </ClCompile>
    <ClCompile Include="source\modules\visionmodules\imageoperators\edgedetectors\cannyedgedetector\CannyEdgeDetector.cc">
      <Filter>Source Files</Filter>
    </ClCompile>
    <ClCompile Include="source\modules\visionmodules\imageoperators\edgedetectors\gaussianedgedetector\GaussianEdgeDetector.cc">
      <Filter>Source Files</Filter>
    </ClCompile>
    <ClCompile Include="source\modules\visionmodules\imageoperators\edgedetectors\hysteresisthresholding\HysteresisThresholding.cc">
      <Filter>Source Files</Filter>
    </ClCompile>
    <ClCompile Include="source\modules\visionmodules\imageoperators\edgedetectors\prewittedgedetector\PrewittEdgeDetector.cc">
      <Filter>Source Files</Filter>
    </ClCompile>
    <ClCompile Include="source\modules\visionmodules\imageoperators\edgedetectors\robertsedgedetector\RobertsEdgeDetector.cc">
      <Filter>Source Files</Filter>
    </ClCompile>
    <ClCompile Include="source\modules\visionmodules\imageoperators\edgedetectors\sobeledgedetector\SobelEdgeDetector.cc">
      <Filter>Source Files</Filter>
    </ClCompile>
    <ClCompile Include="source\modules\visionmodules\imageoperators\gaborfilter\GaborFilter.cc">
      <Filter>Source Files</Filter>
    </ClCompile>
    <ClCompile Include="source\modules\visionmodules\imageoperators\morphologicaloperators\dilate\Dilate.cc">
      <Filter>Source Files</Filter>
    </ClCompile>
    <ClCompile Include="source\modules\visionmodules\imageoperators\morphologicaloperators\erode\Erode.cc">
      <Filter>Source Files</Filter>
    </ClCompile>
    <ClCompile Include="source\modules\visionmodules\saliencepoints\SaliencePoints.cc">
      <Filter>Source Files</Filter>
    </ClCompile>
    <ClCompile Include="source\modules\visionmodules\saliencymap\SaliencyMap.cc">
      <Filter>Source Files</Filter>
    </ClCompile>
    <ClCompile Include="source\modules\visionmodules\scaling\downsample\Downsample.cc">
      <Filter>Source Files</Filter>
    </ClCompile>
    <ClCompile Include="source\modules\visionmodules\scaling\upsample\Upsample.cc">
      <Filter>Source Files</Filter>
    </ClCompile>
    <ClCompile Include="source\modules\visionmodules\spatialclustering\SpatialClustering.cc">
      <Filter>Source Files</Filter>
    </ClCompile>
    <ClCompile Include="source\modules\visionmodules\whitebalance\WhiteBalance.cc">
      <Filter>Source Files</Filter>
    </ClCompile>
    <ClCompile Include="source\usermodules\minimalmodule\MinimalModule.cc">
      <Filter>Source Files</Filter>
    </ClCompile>
    <ClCompile Include="source\usermodules\mymodule\MyModule.cc">
      <Filter>Source Files</Filter>
    </ClCompile>
    <ClCompile Include="source\webui\WebUI.cc">
      <Filter>Source Files</Filter>
    </ClCompile>
    <ClCompile Include="source\kernel\IKAROS.cc">
      <Filter>Kernel</Filter>
    </ClCompile>
    <ClCompile Include="source\kernel\IKAROS_Math.cc">
      <Filter>Kernel</Filter>
    </ClCompile>
    <ClCompile Include="source\kernel\IKAROS_Serial_WIN.cc">
      <Filter>Kernel</Filter>
    </ClCompile>
    <ClCompile Include="source\kernel\IKAROS_Signal.cc">
      <Filter>Kernel</Filter>
    </ClCompile>
    <ClCompile Include="source\kernel\IKAROS_Socket_WIN.cc">
      <Filter>Kernel</Filter>
    </ClCompile>
    <ClCompile Include="source\kernel\IKAROS_Threads_pthread.cc">
      <Filter>Kernel</Filter>
    </ClCompile>
    <ClCompile Include="source\kernel\IKAROS_Timer_WIN.cc">
      <Filter>Kernel</Filter>
    </ClCompile>
    <ClCompile Include="source\kernel\IKAROS_Utils.cc">
      <Filter>Kernel</Filter>
    </ClCompile>
    <ClCompile Include="source\kernel\IKAROS_XML.cc">
      <Filter>Kernel</Filter>
    </ClCompile>
  </ItemGroup>
  <ItemGroup>
    <ClInclude Include="source\modules\ann\perceptron\Perceptron.h">
      <Filter>Header Files</Filter>
    </ClInclude>
    <ClInclude Include="source\modules\brainmodels\moren2002\m02_amygdala\M02_Amygdala.h">
      <Filter>Header Files</Filter>
    </ClInclude>
    <ClInclude Include="source\modules\brainmodels\moren2002\m02_cortex\M02_Cortex.h">
      <Filter>Header Files</Filter>
    </ClInclude>
    <ClInclude Include="source\modules\brainmodels\moren2002\m02_hippocampus\M02_Hippocampus.h">
      <Filter>Header Files</Filter>
    </ClInclude>
    <ClInclude Include="source\modules\brainmodels\moren2002\m02_ofc\M02_OFC.h">
      <Filter>Header Files</Filter>
    </ClInclude>
    <ClInclude Include="source\modules\brainmodels\moren2002\m02_sensorycortex\M02_SensoryCortex.h">
      <Filter>Header Files</Filter>
    </ClInclude>
    <ClInclude Include="source\modules\brainmodels\moren2002\m02_thalamus\M02_Thalamus.h">
      <Filter>Header Files</Filter>
    </ClInclude>
    <ClInclude Include="source\modules\codingmodules\coarsecoder\CoarseCoder.h">
      <Filter>Header Files</Filter>
    </ClInclude>
    <ClInclude Include="source\modules\codingmodules\intervalcoder\IntervalCoder.h">
      <Filter>Header Files</Filter>
    </ClInclude>
    <ClInclude Include="source\modules\codingmodules\intervaldecoder\IntervalDecoder.h">
      <Filter>Header Files</Filter>
    </ClInclude>
    <ClInclude Include="source\modules\controlmodules\kalmanfilter\KalmanFilter.h">
      <Filter>Header Files</Filter>
    </ClInclude>
    <ClInclude Include="source\modules\controlmodules\pidcontroller\PIDController.h">
      <Filter>Header Files</Filter>
    </ClInclude>
    <ClInclude Include="source\modules\environmentmodules\gridworld\GridWorld.h">
      <Filter>Header Files</Filter>
    </ClInclude>
    <ClInclude Include="source\modules\environmentmodules\mazegenerator\MazeGenerator.h">
      <Filter>Header Files</Filter>
    </ClInclude>
    <ClInclude Include="source\modules\environmentmodules\planararm\PlanarArm.h">
      <Filter>Header Files</Filter>
    </ClInclude>
    <ClInclude Include="source\modules\examples\delayone\DelayOne.h">
      <Filter>Header Files</Filter>
    </ClInclude>
    <ClInclude Include="source\modules\examples\sum\Sum.h">
      <Filter>Header Files</Filter>
    </ClInclude>
    <ClInclude Include="source\modules\iomodules\fileinput\inputfile\InputFile.h">
      <Filter>Header Files</Filter>
    </ClInclude>
    <ClInclude Include="source\modules\iomodules\fileinput\inputjpeg\InputJPEG.h">
      <Filter>Header Files</Filter>
    </ClInclude>
    <ClInclude Include="source\modules\iomodules\fileinput\inputpng\InputPNG.h">
      <Filter>Header Files</Filter>
    </ClInclude>
    <ClInclude Include="source\modules\iomodules\fileinput\inputqtaudio\MTAudioBufferListUtils.h">
      <Filter>Header Files</Filter>
    </ClInclude>
    <ClInclude Include="source\modules\iomodules\fileinput\inputqtaudio\QuickTimeAudioUtils.h">
      <Filter>Header Files</Filter>
    </ClInclude>
    <ClInclude Include="source\modules\iomodules\fileinput\inputrawimage\InputRawImage.h">
      <Filter>Header Files</Filter>
    </ClInclude>
    <ClInclude Include="source\modules\iomodules\fileoutput\outputfile\OutputFile.h">
      <Filter>Header Files</Filter>
    </ClInclude>
    <ClInclude Include="source\modules\iomodules\fileoutput\outputjpeg\OutputJPEG.h">
      <Filter>Header Files</Filter>
    </ClInclude>
    <ClInclude Include="source\modules\iomodules\fileoutput\outputpng\OutputPNG.h">
      <Filter>Header Files</Filter>
    </ClInclude>
    <ClInclude Include="source\modules\iomodules\fileoutput\outputqtaudiovisual\OutputQTAudioVisual.h">
      <Filter>Header Files</Filter>
    </ClInclude>
    <ClInclude Include="source\modules\iomodules\fileoutput\outputrawimage\OutputRawImage.h">
      <Filter>Header Files</Filter>
    </ClInclude>
    <ClInclude Include="source\modules\iomodules\network\yarpport\YARPPort.h">
      <Filter>Header Files</Filter>
    </ClInclude>
    <ClInclude Include="source\modules\iomodules\video\inputvideoqt\QTGrab.h">
      <Filter>Header Files</Filter>
    </ClInclude>
    <ClInclude Include="source\modules\iomodules\video\kinect\Kinect.h">
      <Filter>Header Files</Filter>
    </ClInclude>
    <ClInclude Include="source\modules\iomodules\video\networkcamera\NetworkCamera.h">
      <Filter>Header Files</Filter>
    </ClInclude>
    <ClInclude Include="source\modules\learningmodules\knn\KD_Tree.h">
      <Filter>Header Files</Filter>
    </ClInclude>
    <ClInclude Include="source\modules\learningmodules\knn\KNN.h">
      <Filter>Header Files</Filter>
    </ClInclude>
    <ClInclude Include="source\modules\learningmodules\knn_pick\KNN_Pick.h">
      <Filter>Header Files</Filter>
    </ClInclude>
    <ClInclude Include="source\modules\learningmodules\linearassociator\LinearAssociator.h">
      <Filter>Header Files</Filter>
    </ClInclude>
    <ClInclude Include="source\modules\learningmodules\qlearning\QLearning.h">
      <Filter>Header Files</Filter>
    </ClInclude>
    <ClInclude Include="source\modules\robotmodules\dynamixel\Dynamixel.h">
      <Filter>Header Files</Filter>
    </ClInclude>
    <ClInclude Include="source\modules\robotmodules\dynamixel\DynamixelComm.h">
      <Filter>Header Files</Filter>
    </ClInclude>
    <ClInclude Include="source\modules\robotmodules\dynamixel\DynamixelConfigure.h">
      <Filter>Header Files</Filter>
    </ClInclude>
    <ClInclude Include="source\modules\robotmodules\dynamixel\DynamixelServo.h">
      <Filter>Header Files</Filter>
    </ClInclude>
    <ClInclude Include="source\modules\robotmodules\epuck\Epuck.h">
      <Filter>Header Files</Filter>
    </ClInclude>
    <ClInclude Include="source\modules\robotmodules\phidgets\Phidgets.h">
      <Filter>Header Files</Filter>
    </ClInclude>
    <ClInclude Include="source\modules\robotmodules\ssc32\SSC32.h">
      <Filter>Header Files</Filter>
    </ClInclude>
    <ClInclude Include="source\modules\utilitymodules\abs\Abs.h">
      <Filter>Header Files</Filter>
    </ClInclude>
    <ClInclude Include="source\modules\utilitymodules\add\Add.h">
      <Filter>Header Files</Filter>
    </ClInclude>
    <ClInclude Include="source\modules\utilitymodules\arbiter\Arbiter.h">
      <Filter>Header Files</Filter>
    </ClInclude>
    <ClInclude Include="source\modules\utilitymodules\argmax\ArgMax.h">
      <Filter>Header Files</Filter>
    </ClInclude>
    <ClInclude Include="source\modules\utilitymodules\average\Average.h">
      <Filter>Header Files</Filter>
    </ClInclude>
    <ClInclude Include="source\modules\utilitymodules\constant\Constant.h">
      <Filter>Header Files</Filter>
    </ClInclude>
    <ClInclude Include="source\modules\utilitymodules\counter\Counter.h">
      <Filter>Header Files</Filter>
    </ClInclude>
    <ClInclude Include="source\modules\utilitymodules\delay\Delay.h">
      <Filter>Header Files</Filter>
    </ClInclude>
    <ClInclude Include="source\modules\utilitymodules\distance\Distance.h">
      <Filter>Header Files</Filter>
    </ClInclude>
    <ClInclude Include="source\modules\utilitymodules\divide\Divide.h">
      <Filter>Header Files</Filter>
    </ClInclude>
    <ClInclude Include="source\modules\utilitymodules\functiongenerator\FunctionGenerator.h">
      <Filter>Header Files</Filter>
    </ClInclude>
    <ClInclude Include="source\modules\utilitymodules\gate\Gate.h">
      <Filter>Header Files</Filter>
    </ClInclude>
    <ClInclude Include="source\modules\utilitymodules\integrator\Integrator.h">
      <Filter>Header Files</Filter>
    </ClInclude>
    <ClInclude Include="source\modules\utilitymodules\matrixmultiply\MatrixMultiply.h">
      <Filter>Header Files</Filter>
    </ClInclude>
    <ClInclude Include="source\modules\utilitymodules\max\Max.h">
      <Filter>Header Files</Filter>
    </ClInclude>
    <ClInclude Include="source\modules\utilitymodules\min\Min.h">
      <Filter>Header Files</Filter>
    </ClInclude>
    <ClInclude Include="source\modules\utilitymodules\multiply\Multiply.h">
      <Filter>Header Files</Filter>
    </ClInclude>
    <ClInclude Include="source\modules\utilitymodules\noise\Noise.h">
      <Filter>Header Files</Filter>
    </ClInclude>
    <ClInclude Include="source\modules\utilitymodules\normalize\Normalize.h">
      <Filter>Header Files</Filter>
    </ClInclude>
    <ClInclude Include="source\modules\utilitymodules\outerproduct\OuterProduct.h">
      <Filter>Header Files</Filter>
    </ClInclude>
    <ClInclude Include="source\modules\utilitymodules\polynomial\Polynomial.h">
      <Filter>Header Files</Filter>
    </ClInclude>
    <ClInclude Include="source\modules\utilitymodules\randomizer\Randomizer.h">
      <Filter>Header Files</Filter>
    </ClInclude>
    <ClInclude Include="source\modules\utilitymodules\scale\Scale.h">
      <Filter>Header Files</Filter>
    </ClInclude>
    <ClInclude Include="source\modules\utilitymodules\selectmax\SelectMax.h">
      <Filter>Header Files</Filter>
    </ClInclude>
    <ClInclude Include="source\modules\utilitymodules\shift\Shift.h">
      <Filter>Header Files</Filter>
    </ClInclude>
    <ClInclude Include="source\modules\utilitymodules\softmax\Softmax.h">
      <Filter>Header Files</Filter>
    </ClInclude>
    <ClInclude Include="source\modules\utilitymodules\subtract\Subtract.h">
      <Filter>Header Files</Filter>
    </ClInclude>
    <ClInclude Include="source\modules\utilitymodules\sweep\Sweep.h">
      <Filter>Header Files</Filter>
    </ClInclude>
    <ClInclude Include="source\modules\utilitymodules\threshold\Threshold.h">
      <Filter>Header Files</Filter>
    </ClInclude>
    <ClInclude Include="source\modules\visionmodules\attentionfocus\AttentionFocus.h">
      <Filter>Header Files</Filter>
    </ClInclude>
    <ClInclude Include="source\modules\visionmodules\colorclassifier\ColorClassifier.h">
      <Filter>Header Files</Filter>
    </ClInclude>
    <ClInclude Include="source\modules\visionmodules\colormatch\ColorMatch.h">
      <Filter>Header Files</Filter>
    </ClInclude>
    <ClInclude Include="source\modules\visionmodules\colortransform\ColorTransform.h">
      <Filter>Header Files</Filter>
    </ClInclude>
    <ClInclude Include="source\modules\visionmodules\depthprocessing\depthcontourtrace\DepthContourTrace.h">
      <Filter>Header Files</Filter>
    </ClInclude>
    <ClInclude Include="source\modules\visionmodules\depthprocessing\depthhistogram\DepthHistogram.h">
      <Filter>Header Files</Filter>
    </ClInclude>
    <ClInclude Include="source\modules\visionmodules\depthprocessing\depthsegmentation\DepthSegmentation.h">
      <Filter>Header Files</Filter>
    </ClInclude>
    <ClInclude Include="source\modules\visionmodules\imageconvolution\ImageConvolution.h">
      <Filter>Header Files</Filter>
    </ClInclude>
    <ClInclude Include="source\modules\visionmodules\imageoperators\changedetector\ChangeDetector.h">
      <Filter>Header Files</Filter>
    </ClInclude>
    <ClInclude Include="source\modules\visionmodules\imageoperators\curvaturedetectors\harrisdetector\HarrisDetector.h">
      <Filter>Header Files</Filter>
    </ClInclude>
    <ClInclude Include="source\modules\visionmodules\imageoperators\edgedetectors\cannyedgedetector\CannyEdgeDetector.h">
      <Filter>Header Files</Filter>
    </ClInclude>
    <ClInclude Include="source\modules\visionmodules\imageoperators\edgedetectors\gaussianedgedetector\GaussianEdgeDetector.h">
      <Filter>Header Files</Filter>
    </ClInclude>
    <ClInclude Include="source\modules\visionmodules\imageoperators\edgedetectors\hysteresisthresholding\HysteresisThresholding.h">
      <Filter>Header Files</Filter>
    </ClInclude>
    <ClInclude Include="source\modules\visionmodules\imageoperators\edgedetectors\prewittedgedetector\PrewittEdgeDetector.h">
      <Filter>Header Files</Filter>
    </ClInclude>
    <ClInclude Include="source\modules\visionmodules\imageoperators\edgedetectors\robertsedgedetector\RobertsEdgeDetector.h">
      <Filter>Header Files</Filter>
    </ClInclude>
    <ClInclude Include="source\modules\visionmodules\imageoperators\edgedetectors\sobeledgedetector\SobelEdgeDetector.h">
      <Filter>Header Files</Filter>
    </ClInclude>
    <ClInclude Include="source\modules\visionmodules\imageoperators\gaborfilter\GaborFilter.h">
      <Filter>Header Files</Filter>
    </ClInclude>
    <ClInclude Include="source\modules\visionmodules\imageoperators\morphologicaloperators\dilate\Dilate.h">
      <Filter>Header Files</Filter>
    </ClInclude>
    <ClInclude Include="source\modules\visionmodules\imageoperators\morphologicaloperators\erode\Erode.h">
      <Filter>Header Files</Filter>
    </ClInclude>
    <ClInclude Include="source\modules\visionmodules\markertracker\MarkerTracker.h">
      <Filter>Header Files</Filter>
    </ClInclude>
    <ClInclude Include="source\modules\visionmodules\mpifacedetector\MPIFaceDetector.h">
      <Filter>Header Files</Filter>
    </ClInclude>
    <ClInclude Include="source\modules\visionmodules\mpifacedetector\mpeyefinder\beyesobject.h">
      <Filter>Header Files</Filter>
    </ClInclude>
    <ClInclude Include="source\modules\visionmodules\mpifacedetector\mpeyefinder\define.h">
      <Filter>Header Files</Filter>
    </ClInclude>
    <ClInclude Include="source\modules\visionmodules\mpifacedetector\mpeyefinder\eyefinder.h">
      <Filter>Header Files</Filter>
    </ClInclude>
    <ClInclude Include="source\modules\visionmodules\mpifacedetector\mpeyefinder\eyefinderBinary.h">
      <Filter>Header Files</Filter>
    </ClInclude>
    <ClInclude Include="source\modules\visionmodules\mpifacedetector\mpeyefinder\eyeobject.h">
      <Filter>Header Files</Filter>
    </ClInclude>
    <ClInclude Include="source\modules\visionmodules\mpifacedetector\mpeyefinder\eye_finder_ROI.h">
      <Filter>Header Files</Filter>
    </ClInclude>
    <ClInclude Include="source\modules\visionmodules\mpifacedetector\mpeyefinder\faceobject.h">
      <Filter>Header Files</Filter>
    </ClInclude>
    <ClInclude Include="source\modules\visionmodules\mpifacedetector\mpeyefinder\visualobject.h">
      <Filter>Header Files</Filter>
    </ClInclude>
    <ClInclude Include="source\modules\visionmodules\mpifacedetector\mpeyefinder\eyeweightsfiles\config.h">
      <Filter>Header Files</Filter>
    </ClInclude>
    <ClInclude Include="source\modules\visionmodules\mpifacedetector\mpeyefinder\eyeweightsfiles\lefteye_eye_dist_eye_centered.h">
      <Filter>Header Files</Filter>
    </ClInclude>
    <ClInclude Include="source\modules\visionmodules\mpifacedetector\mpeyefinder\eyeweightsfiles\lefteye_eye_dist_face_centered.h">
      <Filter>Header Files</Filter>
    </ClInclude>
    <ClInclude Include="source\modules\visionmodules\mpifacedetector\mpeyefinder\eyeweightsfiles\lefteye_eye_only_eye_centered.h">
      <Filter>Header Files</Filter>
    </ClInclude>
    <ClInclude Include="source\modules\visionmodules\mpifacedetector\mpeyefinder\eyeweightsfiles\lefteye_half_dist_eye_centered.h">
      <Filter>Header Files</Filter>
    </ClInclude>
    <ClInclude Include="source\modules\visionmodules\mpifacedetector\mpeyefinder\eyeweightsfiles\lefteye_largest_2_eye_centered.h">
      <Filter>Header Files</Filter>
    </ClInclude>
    <ClInclude Include="source\modules\visionmodules\mpifacedetector\mpeyefinder\eyeweightsfiles\lefteye_largest_eye_centered.h">
      <Filter>Header Files</Filter>
    </ClInclude>
    <ClInclude Include="source\modules\visionmodules\mpifacedetector\mpeyefinder\eyeweightsfiles\lefteye_largest_face_centered.h">
      <Filter>Header Files</Filter>
    </ClInclude>
    <ClInclude Include="source\modules\visionmodules\mpifacedetector\mpeyefinder\eyeweightsfiles\lefteye_smallest_eye_centered.h">
      <Filter>Header Files</Filter>
    </ClInclude>
    <ClInclude Include="source\modules\visionmodules\mpifacedetector\mpeyefinder\eyeweightsfiles\righteye_eye_dist_eye_centered.h">
      <Filter>Header Files</Filter>
    </ClInclude>
    <ClInclude Include="source\modules\visionmodules\mpifacedetector\mpeyefinder\eyeweightsfiles\righteye_eye_dist_face_centered.h">
      <Filter>Header Files</Filter>
    </ClInclude>
    <ClInclude Include="source\modules\visionmodules\mpifacedetector\mpeyefinder\eyeweightsfiles\righteye_eye_only_eye_centered.h">
      <Filter>Header Files</Filter>
    </ClInclude>
    <ClInclude Include="source\modules\visionmodules\mpifacedetector\mpeyefinder\eyeweightsfiles\righteye_half_dist_eye_centered.h">
      <Filter>Header Files</Filter>
    </ClInclude>
    <ClInclude Include="source\modules\visionmodules\mpifacedetector\mpeyefinder\eyeweightsfiles\righteye_largest_2_eye_centered.h">
      <Filter>Header Files</Filter>
    </ClInclude>
    <ClInclude Include="source\modules\visionmodules\mpifacedetector\mpeyefinder\eyeweightsfiles\righteye_largest_eye_centered.h">
      <Filter>Header Files</Filter>
    </ClInclude>
    <ClInclude Include="source\modules\visionmodules\mpifacedetector\mpeyefinder\eyeweightsfiles\righteye_largest_face_centered.h">
      <Filter>Header Files</Filter>
    </ClInclude>
    <ClInclude Include="source\modules\visionmodules\mpifacedetector\mpeyefinder\eyeweightsfiles\righteye_smallest_eye_centered.h">
      <Filter>Header Files</Filter>
    </ClInclude>
    <ClInclude Include="source\modules\visionmodules\mpifacedetector\mpisearch\ci.h">
      <Filter>Header Files</Filter>
    </ClInclude>
    <ClInclude Include="source\modules\visionmodules\mpifacedetector\mpisearch\faceboxlist.h">
      <Filter>Header Files</Filter>
    </ClInclude>
    <ClInclude Include="source\modules\visionmodules\mpifacedetector\mpisearch\featuredata.h">
      <Filter>Header Files</Filter>
    </ClInclude>
    <ClInclude Include="source\modules\visionmodules\mpifacedetector\mpisearch\gentleFace1.h">
      <Filter>Header Files</Filter>
    </ClInclude>
    <ClInclude Include="source\modules\visionmodules\mpifacedetector\mpisearch\mpiimage.h">
      <Filter>Header Files</Filter>
    </ClInclude>
    <ClInclude Include="source\modules\visionmodules\mpifacedetector\mpisearch\mpisearch.h">
      <Filter>Header Files</Filter>
    </ClInclude>
    <ClInclude Include="source\modules\visionmodules\mpifacedetector\mpisearch\mpisearchBinary.h">
      <Filter>Header Files</Filter>
    </ClInclude>
    <ClInclude Include="source\modules\visionmodules\mpifacedetector\mpisearch\mpisearchFaceDetector.h">
      <Filter>Header Files</Filter>
    </ClInclude>
    <ClInclude Include="source\modules\visionmodules\mpifacedetector\mpisearch\rimage.h">
      <Filter>Header Files</Filter>
    </ClInclude>
    <ClInclude Include="source\modules\visionmodules\mpifacedetector\mpisearch\roi.h">
      <Filter>Header Files</Filter>
    </ClInclude>
    <ClInclude Include="source\modules\visionmodules\mpifacedetector\mpisearch\square.h">
      <Filter>Header Files</Filter>
    </ClInclude>
    <ClInclude Include="source\modules\visionmodules\saliencepoints\SaliencePoints.h">
      <Filter>Header Files</Filter>
    </ClInclude>
    <ClInclude Include="source\modules\visionmodules\saliencymap\SaliencyMap.h">
      <Filter>Header Files</Filter>
    </ClInclude>
    <ClInclude Include="source\modules\visionmodules\scaling\downsample\Downsample.h">
      <Filter>Header Files</Filter>
    </ClInclude>
    <ClInclude Include="source\modules\visionmodules\scaling\upsample\Upsample.h">
      <Filter>Header Files</Filter>
    </ClInclude>
    <ClInclude Include="source\modules\visionmodules\spatialclustering\SpatialClustering.h">
      <Filter>Header Files</Filter>
    </ClInclude>
    <ClInclude Include="source\modules\visionmodules\whitebalance\WhiteBalance.h">
      <Filter>Header Files</Filter>
    </ClInclude>
    <ClInclude Include="source\usermodules\minimalmodule\MinimalModule.h">
      <Filter>Header Files</Filter>
    </ClInclude>
    <ClInclude Include="source\usermodules\mymodule\MyModule.h">
      <Filter>Header Files</Filter>
    </ClInclude>
    <ClInclude Include="source\webui\WebUI.h">
      <Filter>Header Files</Filter>
    </ClInclude>
    <ClInclude Include="Lib\jconfig.h">
      <Filter>Lib</Filter>
    </ClInclude>
    <ClInclude Include="Lib\jerror.h">
      <Filter>Lib</Filter>
    </ClInclude>
    <ClInclude Include="Lib\jmorecfg.h">
      <Filter>Lib</Filter>
    </ClInclude>
    <ClInclude Include="Lib\jpeglib.h">
      <Filter>Lib</Filter>
    </ClInclude>
    <ClInclude Include="source\IKAROS.h">
      <Filter>Kernel</Filter>
    </ClInclude>
    <ClInclude Include="source\kernel\IKAROS_ColorTables.h">
      <Filter>Kernel</Filter>
    </ClInclude>
    <ClInclude Include="source\kernel\IKAROS_Math.h">
      <Filter>Kernel</Filter>
    </ClInclude>
    <ClInclude Include="source\kernel\IKAROS_Serial.h">
      <Filter>Kernel</Filter>
    </ClInclude>
    <ClInclude Include="source\kernel\IKAROS_Socket.h">
      <Filter>Kernel</Filter>
    </ClInclude>
    <ClInclude Include="source\IKAROS_System.h">
      <Filter>Kernel</Filter>
    </ClInclude>
    <ClInclude Include="source\kernel\IKAROS_Threads.h">
      <Filter>Kernel</Filter>
    </ClInclude>
    <ClInclude Include="source\kernel\IKAROS_Timer.h">
      <Filter>Kernel</Filter>
    </ClInclude>
    <ClInclude Include="source\kernel\IKAROS_Utils.h">
      <Filter>Kernel</Filter>
    </ClInclude>
    <ClInclude Include="source\kernel\IKAROS_XML.h">
      <Filter>Kernel</Filter>
    </ClInclude>
    <ClInclude Include="Lib\semaphore.h">
      <Filter>Lib</Filter>
    </ClInclude>
    <ClInclude Include="Lib\pthread.h">
      <Filter>Lib</Filter>
    </ClInclude>
    <ClInclude Include="Lib\sched.h">
      <Filter>Lib</Filter>
    </ClInclude>
  </ItemGroup>
  <ItemGroup>
    <None Include="source\modules\learningmodules\knn\examples\100000learn_1000find.ikc">
      <Filter>Ikc</Filter>
    </None>
    <None Include="source\modules\learningmodules\knn\examples\10000learn_1000find.ikc">
      <Filter>Ikc</Filter>
    </None>
    <None Include="source\modules\learningmodules\knn\examples\1000learn_420find.ikc">
      <Filter>Ikc</Filter>
    </None>
    <None Include="source\modules\learningmodules\knn_pick\examples\5neighbors_categorical.ikc">
      <Filter>Ikc</Filter>
    </None>
    <None Include="source\modules\utilitymodules\abs\Abs.ikc">
      <Filter>Ikc</Filter>
    </None>
    <None Include="source\modules\utilitymodules\abs\examples\Abs_test.ikc">
      <Filter>Ikc</Filter>
    </None>
    <None Include="source\modules\utilitymodules\add\Add.ikc">
      <Filter>Ikc</Filter>
    </None>
    <None Include="source\modules\utilitymodules\add\examples\Add_test.ikc">
      <Filter>Ikc</Filter>
    </None>
    <None Include="source\modules\utilitymodules\arbiter\Arbiter.ikc">
      <Filter>Ikc</Filter>
    </None>
    <None Include="source\modules\utilitymodules\arbiter\examples\Arbiter_test.ikc">
      <Filter>Ikc</Filter>
    </None>
    <None Include="source\modules\utilitymodules\argmax\ArgMax.ikc">
      <Filter>Ikc</Filter>
    </None>
    <None Include="source\modules\utilitymodules\argmax\examples\ArgMax_test.ikc">
      <Filter>Ikc</Filter>
    </None>
    <None Include="examples\robots\lucsroboticsarm\Arm.ikc">
      <Filter>Ikc</Filter>
    </None>
    <None Include="source\modules\visionmodules\attentionfocus\AttentionFocus.ikc">
      <Filter>Ikc</Filter>
    </None>
    <None Include="source\modules\utilitymodules\average\Average.ikc">
      <Filter>Ikc</Filter>
    </None>
    <None Include="source\modules\utilitymodules\average\examples\Average_test.ikc">
      <Filter>Ikc</Filter>
    </None>
    <None Include="examples\ikc-features\batch.ikc">
      <Filter>Ikc</Filter>
    </None>
    <None Include="source\modules\robotmodules\epuck\examples\blink_test.ikc">
      <Filter>Ikc</Filter>
    </None>
    <None Include="source\webui\classes\ArrayLine.js">
      <Filter>js</Filter>
    </None>
    <None Include="source\webui\classes\BarGraph.js">
      <Filter>js</Filter>
    </None>
    <None Include="source\webui\classes\Button.js">
      <Filter>js</Filter>
    </None>
    <None Include="source\webui\classes\Circle.js">
      <Filter>js</Filter>
    </None>
    <None Include="source\webui\control.js">
      <Filter>js</Filter>
    </None>
    <None Include="source\modules\visionmodules\imageoperators\edgedetectors\cannyedgedetector\CannyEdgeDetector.ikc">
      <Filter>Ikc</Filter>
    </None>
    <None Include="examples\imageprocessing\CannyEdgeDetector_test.ikc">
      <Filter>Ikc</Filter>
    </None>
    <None Include="source\modules\visionmodules\imageoperators\edgedetectors\cannyedgedetector\examples\CannyEdgeDetector_test.ikc">
      <Filter>Ikc</Filter>
    </None>
    <None Include="source\modules\visionmodules\imageoperators\changedetector\ChangeDetector.ikc">
      <Filter>Ikc</Filter>
    </None>
    <None Include="source\modules\visionmodules\imageoperators\changedetector\examples\ChangeDetector_test.ikc">
      <Filter>Ikc</Filter>
    </None>
    <None Include="source\modules\codingmodules\coarsecoder\examples\CoarseCoded_GridWorld2_test.ikc">
      <Filter>Ikc</Filter>
    </None>
    <None Include="source\modules\codingmodules\coarsecoder\examples\CoarseCoded_GridWorld_test.ikc">
      <Filter>Ikc</Filter>
    </None>
    <None Include="source\modules\codingmodules\coarsecoder\CoarseCoder.ikc">
      <Filter>Ikc</Filter>
    </None>
    <None Include="source\modules\codingmodules\coarsecoder\examples\CoarseCoder_test.ikc">
      <Filter>Ikc</Filter>
    </None>
    <None Include="source\modules\visionmodules\colorclassifier\ColorClassifier.ikc">
      <Filter>Ikc</Filter>
    </None>
    <None Include="source\modules\visionmodules\colorclassifier\examples\ColorClassifier_test.ikc">
      <Filter>Ikc</Filter>
    </None>
    <None Include="source\modules\visionmodules\colormatch\ColorMatch.ikc">
      <Filter>Ikc</Filter>
    </None>
    <None Include="source\modules\visionmodules\colormatch\examples\ColorMatch_test.ikc">
      <Filter>Ikc</Filter>
    </None>
    <None Include="source\modules\visionmodules\colortransform\ColorTransform.ikc">
      <Filter>Ikc</Filter>
    </None>
    <None Include="examples\imageprocessing\ColorTransform_test.ikc">
      <Filter>Ikc</Filter>
    </None>
    <None Include="source\modules\visionmodules\colortransform\examples\ColorTransform_test.ikc">
      <Filter>Ikc</Filter>
    </None>
    <None Include="source\modules\utilitymodules\constant\Constant.ikc">
      <Filter>Ikc</Filter>
    </None>
    <None Include="source\modules\utilitymodules\constant\examples\Constant_test.ikc">
      <Filter>Ikc</Filter>
    </None>
    <None Include="examples\webui-demos\controls.ikc">
      <Filter>Ikc</Filter>
    </None>
    <None Include="examples\webui-demos\controls_with_indices.ikc">
      <Filter>Ikc</Filter>
    </None>
    <None Include="source\modules\visionmodules\imageconvolution\examples\Convolution_cam.ikc">
      <Filter>Ikc</Filter>
    </None>
    <None Include="examples\imageprocessing\Convolution_test.ikc">
      <Filter>Ikc</Filter>
    </None>
    <None Include="source\modules\visionmodules\imageconvolution\examples\Convolution_test.ikc">
      <Filter>Ikc</Filter>
    </None>
    <None Include="source\modules\utilitymodules\counter\Counter.ikc">
      <Filter>Ikc</Filter>
    </None>
    <None Include="source\modules\utilitymodules\counter\examples\Counter_test.ikc">
      <Filter>Ikc</Filter>
    </None>
    <None Include="source\webui\classes\Cross.js">
      <Filter>js</Filter>
    </None>
    <None Include="source\webui\editor\editor.js">
      <Filter>js</Filter>
    </None>
    <None Include="source\webui\classes\Grid.js">
      <Filter>js</Filter>
    </None>
    <None Include="source\modules\utilitymodules\delay\Delay.ikc">
      <Filter>Ikc</Filter>
    </None>
    <None Include="source\modules\examples\delayone\DelayOne.ikc">
      <Filter>Ikc</Filter>
    </None>
    <None Include="source\modules\visionmodules\depthprocessing\depthcontourtrace\DepthContourTrace.ikc">
      <Filter>Ikc</Filter>
    </None>
    <None Include="source\modules\visionmodules\depthprocessing\depthcontourtrace\examples\DepthContourTrace_test.ikc">
      <Filter>Ikc</Filter>
    </None>
    <None Include="source\modules\visionmodules\depthprocessing\depthcontourtrace\examples\DepthContourTrace_xtion_test.ikc">
      <Filter>Ikc</Filter>
    </None>
    <None Include="source\modules\visionmodules\depthprocessing\depthhistogram\DepthHistogram.ikc">
      <Filter>Ikc</Filter>
    </None>
    <None Include="source\modules\visionmodules\depthprocessing\depthhistogram\examples\DepthHistogram_test.ikc">
      <Filter>Ikc</Filter>
    </None>
    <None Include="source\modules\visionmodules\depthprocessing\depthsegmentation\DepthSegmentation.ikc">
      <Filter>Ikc</Filter>
    </None>
    <None Include="source\modules\visionmodules\depthprocessing\depthsegmentation\examples\DepthSegmentation_test.ikc">
      <Filter>Ikc</Filter>
    </None>
    <None Include="source\modules\utilitymodules\differentiator\Differentiator.ikc">
      <Filter>Ikc</Filter>
    </None>
    <None Include="source\modules\visionmodules\imageoperators\morphologicaloperators\dilate\Dilate.ikc">
      <Filter>Ikc</Filter>
    </None>
    <None Include="source\modules\utilitymodules\distance\Distance.ikc">
      <Filter>Ikc</Filter>
    </None>
    <None Include="source\modules\utilitymodules\distance\examples\Distance_test.ikc">
      <Filter>Ikc</Filter>
    </None>
    <None Include="source\modules\utilitymodules\divide\Divide.ikc">
      <Filter>Ikc</Filter>
    </None>
    <None Include="source\modules\utilitymodules\divide\examples\Divide_test.ikc">
      <Filter>Ikc</Filter>
    </None>
    <None Include="examples\ikc-features\double_randomizer.ikc">
      <Filter>Ikc</Filter>
    </None>
    <None Include="source\modules\visionmodules\scaling\downsample\Downsample.ikc">
      <Filter>Ikc</Filter>
    </None>
    <None Include="source\modules\visionmodules\scaling\downsample\examples\Downsample_test.ikc">
      <Filter>Ikc</Filter>
    </None>
    <None Include="source\modules\robotmodules\dynamixel\Dynamixel.ikc">
      <Filter>Ikc</Filter>
    </None>
    <None Include="source\modules\robotmodules\dynamixel\examples\Dynamixel_test.ikc">
      <Filter>Ikc</Filter>
    </None>
    <None Include="source\modules\robotmodules\dynamixel\DynamixelConfigure.ikc">
      <Filter>Ikc</Filter>
    </None>
    <None Include="source\modules\robotmodules\dynamixel\examples\DynamixelConfigure_test.ikc">
      <Filter>Ikc</Filter>
    </None>
    <None Include="examples\imageprocessing\EdgeDetectors_test.ikc">
      <Filter>Ikc</Filter>
    </None>
    <None Include="source\modules\robotmodules\epuck\Epuck.ikc">
      <Filter>Ikc</Filter>
    </None>
    <None Include="source\modules\robotmodules\epuck\examples\Epuck_camera_mic.ikc">
      <Filter>Ikc</Filter>
    </None>
    <None Include="source\modules\robotmodules\epuck\examples\Epuck_inputs.ikc">
      <Filter>Ikc</Filter>
    </None>
    <None Include="source\modules\robotmodules\epuck\examples\Epuck_movements.ikc">
      <Filter>Ikc</Filter>
    </None>
    <None Include="source\modules\visionmodules\imageoperators\morphologicaloperators\erode\Erode.ikc">
      <Filter>Ikc</Filter>
    </None>
    <None Include="source\modules\utilitymodules\functiongenerator\FunctionGenerator.ikc">
      <Filter>Ikc</Filter>
    </None>
    <None Include="source\modules\utilitymodules\functiongenerator\examples\FunctionGenerator_test.ikc">
      <Filter>Ikc</Filter>
    </None>
    <None Include="source\modules\visionmodules\imageoperators\gaborfilter\GaborFilter.ikc">
      <Filter>Ikc</Filter>
    </None>
    <None Include="source\modules\visionmodules\imageoperators\gaborfilter\examples\GaborFilter_test.ikc">
      <Filter>Ikc</Filter>
    </None>
    <None Include="examples\imageprocessing\GaborFilter_test.ikc">
      <Filter>Ikc</Filter>
    </None>
    <None Include="source\modules\utilitymodules\gate\Gate.ikc">
      <Filter>Ikc</Filter>
    </None>
    <None Include="source\modules\utilitymodules\gate\examples\Gate_test.ikc">
      <Filter>Ikc</Filter>
    </None>
    <None Include="source\modules\visionmodules\imageoperators\edgedetectors\gaussianedgedetector\GaussianEdgeDetector.ikc">
      <Filter>Ikc</Filter>
    </None>
    <None Include="source\modules\visionmodules\imageoperators\edgedetectors\gaussianedgedetector\examples\GaussianEdgeDetector_test.ikc">
      <Filter>Ikc</Filter>
    </None>
    <None Include="examples\imageprocessing\GaussianEdgeDetector_test.ikc">
      <Filter>Ikc</Filter>
    </None>
    <None Include="source\modules\environmentmodules\gridworld\GridWorld.ikc">
      <Filter>Ikc</Filter>
    </None>
    <None Include="examples\environments\gridworld_demo.ikc">
      <Filter>Ikc</Filter>
    </None>
    <None Include="source\modules\environmentmodules\gridworld\examples\GridWorld_test.ikc">
      <Filter>Ikc</Filter>
    </None>
    <None Include="examples\ikc-features\group.ikc">
      <Filter>Ikc</Filter>
    </None>
    <None Include="source\modules\visionmodules\imageoperators\curvaturedetectors\harrisdetector\HarrisDetector.ikc">
      <Filter>Ikc</Filter>
    </None>
    <None Include="source\modules\visionmodules\imageoperators\curvaturedetectors\harrisdetector\examples\HarrisDetector_test.ikc">
      <Filter>Ikc</Filter>
    </None>
    <None Include="examples\imageprocessing\HarrisDetector_test.ikc">
      <Filter>Ikc</Filter>
    </None>
    <None Include="source\modules\visionmodules\imageoperators\edgedetectors\hysteresisthresholding\HysteresisThresholding.ikc">
      <Filter>Ikc</Filter>
    </None>
    <None Include="source\webui\classes\Image.js">
      <Filter>js</Filter>
    </None>
    <None Include="source\webui\inspector\inspector.js">
      <Filter>js</Filter>
    </None>
    <None Include="source\modules\visionmodules\imageconvolution\ImageConvolution.ikc">
      <Filter>Ikc</Filter>
    </None>
    <None Include="examples\webui-demos\images.ikc">
      <Filter>Ikc</Filter>
    </None>
    <None Include="examples\webui-demos\included_views.ikc">
      <Filter>Ikc</Filter>
    </None>
    <None Include="examples\ikc-features\including_file.ikc">
      <Filter>Ikc</Filter>
    </None>
    <None Include="source\modules\iomodules\fileinput\inputfile\InputFile.ikc">
      <Filter>Ikc</Filter>
    </None>
    <None Include="source\modules\iomodules\fileinput\inputfile\examples\inputfile_static_test.ikc">
      <Filter>Ikc</Filter>
    </None>
    <None Include="source\modules\iomodules\fileinput\inputfile\examples\inputfile_test.ikc">
      <Filter>Ikc</Filter>
    </None>
    <None Include="source\modules\iomodules\fileinput\inputjpeg\InputJPEG.ikc">
      <Filter>Ikc</Filter>
    </None>
    <None Include="source\modules\iomodules\fileinput\inputjpeg\examples\InputJPEG_color_test.ikc">
      <Filter>Ikc</Filter>
    </None>
    <None Include="source\modules\iomodules\fileinput\inputjpeg\examples\InputJPEG_gray_test.ikc">
      <Filter>Ikc</Filter>
    </None>
    <None Include="source\modules\iomodules\fileinput\inputpng\InputPNG.ikc">
      <Filter>Ikc</Filter>
    </None>
    <None Include="source\modules\iomodules\fileinput\inputpng\examples\InputPNG_color_test.ikc">
      <Filter>Ikc</Filter>
    </None>
    <None Include="source\modules\iomodules\fileinput\inputpng\examples\InputPNG_gray_test.ikc">
      <Filter>Ikc</Filter>
    </None>
    <None Include="source\modules\iomodules\fileinput\inputqtaudio\InputQTAudio.ikc">
      <Filter>Ikc</Filter>
    </None>
    <None Include="source\modules\iomodules\fileinput\inputqtaudio\examples\InputQTAudio_test.ikc">
      <Filter>Ikc</Filter>
    </None>
    <None Include="source\modules\iomodules\fileinput\inputqtaudio\examples\InputQTAudio_test2.ikc">
      <Filter>Ikc</Filter>
    </None>
    <None Include="source\modules\iomodules\fileinput\inputqtmovie\InputQTMovie.ikc">
      <Filter>Ikc</Filter>
    </None>
    <None Include="source\modules\iomodules\fileinput\inputqtmovie\examples\InputQTMovie_fun.ikc">
      <Filter>Ikc</Filter>
    </None>
    <None Include="source\modules\iomodules\fileinput\inputqtmovie\examples\InputQTMovie_test.ikc">
      <Filter>Ikc</Filter>
    </None>
    <None Include="source\modules\iomodules\fileinput\inputrawimage\InputRawImage.ikc">
      <Filter>Ikc</Filter>
    </None>
    <None Include="source\modules\iomodules\fileinput\inputrawimage\examples\InputRawImage_test.ikc">
      <Filter>Ikc</Filter>
    </None>
    <None Include="source\modules\iomodules\fileinput\inputvideofile\InputVideoFile.ikc">
      <Filter>Ikc</Filter>
    </None>
    <None Include="source\modules\iomodules\fileinput\inputvideofile\examples\InputVideoFile_test.ikc">
      <Filter>Ikc</Filter>
    </None>
    <None Include="source\modules\iomodules\video\inputvideoqt\InputVideoQT.ikc">
      <Filter>Ikc</Filter>
    </None>
    <None Include="source\modules\iomodules\video\inputvideoqt\examples\InputVideoQT_test.ikc">
      <Filter>Ikc</Filter>
    </None>
    <None Include="source\modules\iomodules\video\inputvideoqt\examples\InputVideoQT_two_camera_test.ikc">
      <Filter>Ikc</Filter>
    </None>
    <None Include="source\modules\utilitymodules\integrator\Integrator.ikc">
      <Filter>Ikc</Filter>
    </None>
    <None Include="source\modules\utilitymodules\integrator\examples\Integrator_test.ikc">
      <Filter>Ikc</Filter>
    </None>
    <None Include="source\modules\codingmodules\intervalcoder\IntervalCoder.ikc">
      <Filter>Ikc</Filter>
    </None>
    <None Include="source\modules\codingmodules\intervalcoder\examples\IntervalCoder_test.ikc">
      <Filter>Ikc</Filter>
    </None>
    <None Include="source\modules\codingmodules\intervaldecoder\IntervalDecoder.ikc">
      <Filter>Ikc</Filter>
    </None>
    <None Include="source\modules\codingmodules\intervaldecoder\examples\IntervalDecoder_test.ikc">
      <Filter>Ikc</Filter>
    </None>
    <None Include="source\modules\controlmodules\kalmanfilter\KalmanFilter.ikc">
      <Filter>Ikc</Filter>
    </None>
    <None Include="source\modules\controlmodules\kalmanfilter\examples\KalmanFilter_test.ikc">
      <Filter>Ikc</Filter>
    </None>
    <None Include="source\modules\iomodules\video\kinect\Kinect.ikc">
      <Filter>Ikc</Filter>
    </None>
    <None Include="source\modules\iomodules\video\kinect\examples\Kinect_test.ikc">
      <Filter>Ikc</Filter>
    </None>
    <None Include="source\modules\learningmodules\knn\KNN.ikc">
      <Filter>Ikc</Filter>
    </None>
    <None Include="source\modules\learningmodules\knn_pick\KNN_Pick.ikc">
      <Filter>Ikc</Filter>
    </None>
    <None Include="source\webui\classes\Label.js">
      <Filter>js</Filter>
    </None>
    <None Include="source\webui\classes\Line.js">
      <Filter>js</Filter>
    </None>
    <None Include="source\webui\classes\Lines.js">
      <Filter>js</Filter>
    </None>
    <None Include="source\webui\classes\Mouse.js">
      <Filter>js</Filter>
    </None>
    <None Include="source\modules\learningmodules\linearassociator\LinearAssociator.ikc">
      <Filter>Ikc</Filter>
    </None>
    <None Include="source\modules\learningmodules\linearassociator\examples\LinearAssociator_test.ikc">
      <Filter>Ikc</Filter>
    </None>
    <None Include="source\modules\ann\perceptron\examples\logical_operators_and.ikc">
      <Filter>Ikc</Filter>
    </None>
    <None Include="source\modules\brainmodels\moren2002\m02_amygdala\M02_Amygdala.ikc">
      <Filter>Ikc</Filter>
    </None>
    <None Include="source\modules\brainmodels\moren2002\m02_cortex\M02_Cortex.ikc">
      <Filter>Ikc</Filter>
    </None>
    <None Include="source\modules\brainmodels\moren2002\m02_hippocampus\M02_Hippocampus.ikc">
      <Filter>Ikc</Filter>
    </None>
    <None Include="source\modules\brainmodels\moren2002\m02_ofc\M02_OFC.ikc">
      <Filter>Ikc</Filter>
    </None>
    <None Include="source\modules\brainmodels\moren2002\m02_sensorycortex\M02_SensoryCortex.ikc">
      <Filter>Ikc</Filter>
    </None>
    <None Include="source\modules\brainmodels\moren2002\m02_thalamus\M02_Thalamus.ikc">
      <Filter>Ikc</Filter>
    </None>
    <None Include="source\modules\visionmodules\markertracker\MarkerTracker.ikc">
      <Filter>Ikc</Filter>
    </None>
    <None Include="source\modules\visionmodules\markertracker\examples\MarkerTracker_test.ikc">
      <Filter>Ikc</Filter>
    </None>
    <None Include="source\modules\utilitymodules\matrixmultiply\MatrixMultiply.ikc">
      <Filter>Ikc</Filter>
    </None>
    <None Include="source\modules\utilitymodules\matrixmultiply\examples\MatrixMultiply_test.ikc">
      <Filter>Ikc</Filter>
    </None>
    <None Include="source\modules\utilitymodules\max\Max.ikc">
      <Filter>Ikc</Filter>
    </None>
    <None Include="source\modules\utilitymodules\max\examples\Max_test.ikc">
      <Filter>Ikc</Filter>
    </None>
    <None Include="source\modules\environmentmodules\mazegenerator\MazeGenerator.ikc">
      <Filter>Ikc</Filter>
    </None>
    <None Include="source\modules\environmentmodules\mazegenerator\examples\MazeGenerator_and_QL_test.ikc">
      <Filter>Ikc</Filter>
    </None>
    <None Include="source\modules\environmentmodules\mazegenerator\examples\MazeGenerator_test.ikc">
      <Filter>Ikc</Filter>
    </None>
    <None Include="source\modules\utilitymodules\min\Min.ikc">
      <Filter>Ikc</Filter>
    </None>
    <None Include="source\modules\utilitymodules\min\examples\Min_test.ikc">
      <Filter>Ikc</Filter>
    </None>
    <None Include="source\usermodules\minimalmodule\MinimalModule.ikc">
      <Filter>Ikc</Filter>
    </None>
    <None Include="examples\imageprocessing\Morphology_test.ikc">
      <Filter>Ikc</Filter>
    </None>
    <None Include="source\modules\visionmodules\mpifacedetector\MPIFaceDetector.ikc">
      <Filter>Ikc</Filter>
    </None>
    <None Include="source\modules\visionmodules\mpifacedetector\example\MPIFaceDetector_test.ikc">
      <Filter>Ikc</Filter>
    </None>
    <None Include="source\modules\ann\perceptron\examples\multi.ikc">
      <Filter>Ikc</Filter>
    </None>
    <None Include="source\modules\utilitymodules\multiply\Multiply.ikc">
      <Filter>Ikc</Filter>
    </None>
    <None Include="source\modules\utilitymodules\multiply\examples\Multiply_test.ikc">
      <Filter>Ikc</Filter>
    </None>
    <None Include="source\usermodules\mymodule\MyModule.ikc">
      <Filter>Ikc</Filter>
    </None>
    <None Include="source\usermodules\mymodule\examples\MyModule_test.ikc">
      <Filter>Ikc</Filter>
    </None>
    <None Include="source\modules\brainmodels\moren2002\examples\disinhibition\network.ikc">
      <Filter>Ikc</Filter>
    </None>
    <None Include="source\modules\brainmodels\moren2002\examples\disinhibition2\network.ikc">
      <Filter>Ikc</Filter>
    </None>
    <None Include="source\modules\brainmodels\moren2002\examples\discrimination\network.ikc">
      <Filter>Ikc</Filter>
    </None>
    <None Include="source\modules\iomodules\video\networkcamera\NetworkCamera.ikc">
      <Filter>Ikc</Filter>
    </None>
    <None Include="source\modules\iomodules\video\networkcamera\examples\NetworkCamera_test.ikc">
      <Filter>Ikc</Filter>
    </None>
    <None Include="source\modules\utilitymodules\noise\Noise.ikc">
      <Filter>Ikc</Filter>
    </None>
    <None Include="source\modules\utilitymodules\noise\examples\Noise_test.ikc">
      <Filter>Ikc</Filter>
    </None>
    <None Include="source\modules\utilitymodules\normalize\Normalize.ikc">
      <Filter>Ikc</Filter>
    </None>
    <None Include="source\modules\utilitymodules\normalize\examples\Normalize_test.ikc">
      <Filter>Ikc</Filter>
    </None>
    <None Include="source\modules\utilitymodules\outerproduct\OuterProduct.ikc">
      <Filter>Ikc</Filter>
    </None>
    <None Include="source\modules\utilitymodules\outerproduct\examples\OuterProduct_test.ikc">
      <Filter>Ikc</Filter>
    </None>
    <None Include="source\modules\iomodules\fileoutput\outputfile\OutputFile.ikc">
      <Filter>Ikc</Filter>
    </None>
    <None Include="source\modules\iomodules\fileoutput\outputjpeg\OutputJPEG.ikc">
      <Filter>Ikc</Filter>
    </None>
    <None Include="source\modules\iomodules\fileoutput\outputjpeg\examples\OutputJPEG_RGB_test.ikc">
      <Filter>Ikc</Filter>
    </None>
    <None Include="source\modules\iomodules\fileoutput\outputjpeg\examples\OutputJPEG_test.ikc">
      <Filter>Ikc</Filter>
    </None>
    <None Include="source\modules\iomodules\fileoutput\outputpng\OutputPNG.ikc">
      <Filter>Ikc</Filter>
    </None>
    <None Include="source\modules\iomodules\fileoutput\outputpng\examples\OutputPNG_gray_test.ikc">
      <Filter>Ikc</Filter>
    </None>
    <None Include="source\modules\iomodules\fileoutput\outputpng\examples\OutputPNG_rgb_test.ikc">
      <Filter>Ikc</Filter>
    </None>
    <None Include="source\modules\iomodules\fileoutput\outputqtaudiovisual\OutputQTAudioVisual.ikc">
      <Filter>Ikc</Filter>
    </None>
    <None Include="source\modules\iomodules\fileoutput\outputqtaudiovisual\examples\OutputQTAudioVisual_test.ikc">
      <Filter>Ikc</Filter>
    </None>
    <None Include="source\modules\iomodules\fileoutput\outputrawimage\OutputRawImage.ikc">
      <Filter>Ikc</Filter>
    </None>
    <None Include="examples\webui-demos\path.ikc">
      <Filter>Ikc</Filter>
    </None>
    <None Include="source\webui\classes\Path.js">
      <Filter>js</Filter>
    </None>
    <None Include="source\modules\ann\perceptron\Perceptron.ikc">
      <Filter>Ikc</Filter>
    </None>
    <None Include="source\modules\robotmodules\phidgets\Phidgets.ikc">
      <Filter>Ikc</Filter>
    </None>
    <None Include="source\modules\robotmodules\phidgets\examples\Phidgets_test.ikc">
      <Filter>Ikc</Filter>
    </None>
    <None Include="source\modules\controlmodules\pidcontroller\PIDController.ikc">
      <Filter>Ikc</Filter>
    </None>
    <None Include="source\modules\controlmodules\pidcontroller\examples\PIDController_test.ikc">
      <Filter>Ikc</Filter>
    </None>
    <None Include="source\modules\environmentmodules\planararm\PlanarArm.ikc">
      <Filter>Ikc</Filter>
    </None>
    <None Include="source\modules\environmentmodules\planararm\examples\PlanarArm_test.ikc">
      <Filter>Ikc</Filter>
    </None>
    <None Include="source\webui\classes\Plot.js">
      <Filter>js</Filter>
    </None>
    <None Include="source\webui\classes\Plot3D.js">
      <Filter>js</Filter>
    </None>
    <None Include="source\webui\classes\PolarPlot.js">
      <Filter>js</Filter>
    </None>
    <None Include="source\webui\classes\Rectangle.js">
      <Filter>js</Filter>
    </None>
    <None Include="source\webui\classes\ScatterPlot.js">
      <Filter>js</Filter>
    </None>
    <None Include="source\webui\classes\Slider.js">
      <Filter>js</Filter>
    </None>
    <None Include="source\modules\utilitymodules\sweep\examples\Sweep_test.ikc">
      <Filter>Ikc</Filter>
    </None>
    <None Include="examples\webui-demos\plot3dtest.ikc">
      <Filter>Ikc</Filter>
    </None>
    <None Include="source\modules\utilitymodules\polynomial\Polynomial.ikc">
      <Filter>Ikc</Filter>
    </None>
    <None Include="source\modules\utilitymodules\polynomial\examples\Polynomial_test.ikc">
      <Filter>Ikc</Filter>
    </None>
    <None Include="source\modules\visionmodules\imageoperators\edgedetectors\prewittedgedetector\PrewittEdgeDetector.ikc">
      <Filter>Ikc</Filter>
    </None>
    <None Include="source\modules\learningmodules\qlearning\QLearning.ikc">
      <Filter>Ikc</Filter>
    </None>
    <None Include="source\modules\learningmodules\qlearning\examples\QLearning_test.ikc">
      <Filter>Ikc</Filter>
    </None>
    <None Include="source\modules\utilitymodules\randomizer\Randomizer.ikc">
      <Filter>Ikc</Filter>
    </None>
    <None Include="source\modules\utilitymodules\randomizer\examples\Randomizer_test.ikc">
      <Filter>Ikc</Filter>
    </None>
    <None Include="source\modules\visionmodules\imageoperators\edgedetectors\robertsedgedetector\RobertsEdgeDetector.ikc">
      <Filter>Ikc</Filter>
    </None>
    <None Include="source\modules\visionmodules\saliencepoints\SaliencePoints.ikc">
      <Filter>Ikc</Filter>
    </None>
    <None Include="source\modules\visionmodules\saliencepoints\examples\SaliencePoints_test.ikc">
      <Filter>Ikc</Filter>
    </None>
    <None Include="source\modules\visionmodules\saliencymap\SaliencyMap.ikc">
      <Filter>Ikc</Filter>
    </None>
    <None Include="source\modules\visionmodules\saliencymap\examples\SaliencyMap_test.ikc">
      <Filter>Ikc</Filter>
    </None>
    <None Include="source\modules\utilitymodules\scale\Scale.ikc">
      <Filter>Ikc</Filter>
    </None>
    <None Include="source\modules\utilitymodules\scale\examples\Scale_test.ikc">
      <Filter>Ikc</Filter>
    </None>
    <None Include="source\modules\utilitymodules\selectmax\SelectMax.ikc">
      <Filter>Ikc</Filter>
    </None>
    <None Include="source\modules\utilitymodules\selectmax\examples\SelectMax_test.ikc">
      <Filter>Ikc</Filter>
    </None>
    <None Include="examples\webui-demos\sequence.ikc">
      <Filter>Ikc</Filter>
    </None>
    <None Include="source\modules\utilitymodules\shift\Shift.ikc">
      <Filter>Ikc</Filter>
    </None>
    <None Include="source\modules\utilitymodules\shift\examples\Shift_test.ikc">
      <Filter>Ikc</Filter>
    </None>
    <None Include="source\modules\visionmodules\imageoperators\edgedetectors\sobeledgedetector\SobelEdgeDetector.ikc">
      <Filter>Ikc</Filter>
    </None>
    <None Include="examples\imageprocessing\SobelEdgeDetector_test.ikc">
      <Filter>Ikc</Filter>
    </None>
    <None Include="source\modules\utilitymodules\softmax\Softmax.ikc">
      <Filter>Ikc</Filter>
    </None>
    <None Include="source\modules\utilitymodules\softmax\examples\Softmax_test.ikc">
      <Filter>Ikc</Filter>
    </None>
    <None Include="source\modules\visionmodules\spatialclustering\SpatialClustering.ikc">
      <Filter>Ikc</Filter>
    </None>
    <None Include="source\modules\visionmodules\spatialclustering\examples\SpatialClustering_test.ikc">
      <Filter>Ikc</Filter>
    </None>
    <None Include="source\modules\robotmodules\ssc32\SSC32.ikc">
      <Filter>Ikc</Filter>
    </None>
    <None Include="source\modules\robotmodules\ssc32\examples\SSC32_test.ikc">
      <Filter>Ikc</Filter>
    </None>
    <None Include="source\modules\utilitymodules\subtract\Subtract.ikc">
      <Filter>Ikc</Filter>
    </None>
    <None Include="source\modules\utilitymodules\subtract\examples\Subtract_test.ikc">
      <Filter>Ikc</Filter>
    </None>
    <None Include="source\modules\examples\sum\Sum.ikc">
      <Filter>Ikc</Filter>
    </None>
    <None Include="source\modules\examples\sum\examples\Sum_test.ikc">
      <Filter>Ikc</Filter>
    </None>
    <None Include="source\modules\utilitymodules\sweep\Sweep.ikc">
      <Filter>Ikc</Filter>
    </None>
    <None Include="source\modules\ann\perceptron\examples\vowel.ikc">
      <Filter>Ikc</Filter>
    </None>
    <None Include="examples\webui-demos\web_ui_objects.ikc">
      <Filter>Ikc</Filter>
    </None>
    <None Include="source\modules\visionmodules\whitebalance\WhiteBalance.ikc">
      <Filter>Ikc</Filter>
    </None>
    <None Include="source\modules\visionmodules\whitebalance\examples\WhiteBalance_test.ikc">
      <Filter>Ikc</Filter>
    </None>
    <None Include="source\modules\iomodules\network\yarpport\YARPPort.ikc">
      <Filter>Ikc</Filter>
    </None>
    <None Include="source\modules\iomodules\network\yarpport\examples\YARPPort_example.ikc">
      <Filter>Ikc</Filter>
    </None>
    <None Include="source\webui\viewer\viewer.js">
      <Filter>js</Filter>
    </None>
    <None Include="source\webui\classes\VectorField.js">
      <Filter>js</Filter>
    </None>
    <None Include="source\webui\classes\Vector.js">
      <Filter>js</Filter>
    </None>
    <None Include="source\webui\classes\Trace.js">
      <Filter>js</Filter>
    </None>
    <None Include="source\webui\classes\Text.js">
      <Filter>js</Filter>
    </None>
    <None Include="source\webui\classes\Table.js">
      <Filter>js</Filter>
    </None>
    <None Include="source\webui\classes\Switch.js">
      <Filter>js</Filter>
    </None>
    <None Include="source\modules\brainmodels\moren2002\examples\test.ikc">
      <Filter>Ikc</Filter>
    </None>
    <None Include="source\modules\learningmodules\knn\examples\test.ikc">
      <Filter>Ikc</Filter>
    </None>
    <None Include="source\modules\utilitymodules\threshold\Threshold.ikc">
      <Filter>Ikc</Filter>
    </None>
    <None Include="source\modules\utilitymodules\threshold\examples\Threshold_test.ikc">
      <Filter>Ikc</Filter>
    </None>
    <None Include="source\modules\visionmodules\scaling\upsample\Upsample.ikc">
      <Filter>Ikc</Filter>
    </None>
    <None Include="source\modules\visionmodules\scaling\upsample\examples\Upsample_test.ikc">
      <Filter>Ikc</Filter>
    </None>
  </ItemGroup>
  <ItemGroup>
    <Library Include="Lib\jpeg.lib">
      <Filter>Lib</Filter>
    </Library>
    <Library Include="Lib\pthreadVC2.lib">
      <Filter>Lib</Filter>
    </Library>
    <Library Include="..\..\..\Program Files (x86)\Microsoft SDKs\Windows\v7.1A\Lib\WinMM.Lib">
      <Filter>Lib</Filter>
    </Library>
    <Library Include="..\..\..\Program Files (x86)\Microsoft SDKs\Windows\v7.1A\Lib\WS2_32.Lib">
      <Filter>Lib</Filter>
    </Library>
  </ItemGroup>
</Project>