<?xml version="1.0" encoding="UTF-8" standalone="yes" ?>
<CodeBlocks_project_file>
	<FileVersion major="1" minor="6" />
	<Project>
		<Option title="Ikaros" />
		<Option execution_dir="/home/birger/Desktop/Ikaros/Ikaros/" />
		<Option pch_mode="2" />
		<Option compiler="gcc" />
		<Build>
			<Target title="Debug">
				<Option output="../../../Bin/ikaros" prefix_auto="1" extension_auto="1" />
				<Option working_dir="../../../Bin" />
				<Option object_output="obj/Debug/" />
				<Option type="1" />
				<Option compiler="gcc" />
				<Compiler>
					<Add option="-g" />
				</Compiler>
			</Target>
			<Target title="Release">
				<Option output="../../../Bin/ikaros" prefix_auto="1" extension_auto="1" />
				<Option working_dir="../../../Bin" />
				<Option object_output="obj/Release/" />
				<Option type="1" />
				<Option compiler="gcc" />
				<Compiler>
					<Add option="-O2" />
				</Compiler>
				<Linker>
					<Add option="-s" />
				</Linker>
			</Target>
		</Build>
		<Compiler>
			<Add option="-Wall" />
			<Add option="-fexceptions" />
			<Add option="-DLINUX" />
			<Add directory="../../../Source" />
		</Compiler>
		<Linker>
			<Add library="gslcblas" />
			<Add library="jpeg" />
			<Add library="pthread" />
			<Add library="png" />
			<Add library="z" />
		</Linker>
		<Unit filename="../../../Source/IKAROS.h" />
		<Unit filename="../../../Source/IKAROS_System.h" />
		<Unit filename="../../../Source/Kernel/IKAROS.cc" />
		<Unit filename="../../../Source/Kernel/IKAROS_ColorTables.h" />
		<Unit filename="../../../Source/Kernel/IKAROS_Math.cc" />
		<Unit filename="../../../Source/Kernel/IKAROS_Math.h" />
		<Unit filename="../../../Source/Kernel/IKAROS_Serial.h" />
		<Unit filename="../../../Source/Kernel/IKAROS_Serial_BSD.cc" />
		<Unit filename="../../../Source/Kernel/IKAROS_Serial_WIN.cc" />
		<Unit filename="../../../Source/Kernel/IKAROS_Signal.cc" />
		<Unit filename="../../../Source/Kernel/IKAROS_Socket.h" />
		<Unit filename="../../../Source/Kernel/IKAROS_Socket_BSD.cc" />
		<Unit filename="../../../Source/Kernel/IKAROS_Socket_WIN.cc" />
		<Unit filename="../../../Source/Kernel/IKAROS_Threads.h" />
		<Unit filename="../../../Source/Kernel/IKAROS_Threads_none.cc" />
		<Unit filename="../../../Source/Kernel/IKAROS_Threads_pthread.cc" />
		<Unit filename="../../../Source/Kernel/IKAROS_Timer.h" />
		<Unit filename="../../../Source/Kernel/IKAROS_Timer_POSIX.cc" />
		<Unit filename="../../../Source/Kernel/IKAROS_Timer_WIN.cc" />
		<Unit filename="../../../Source/Kernel/IKAROS_Timer_none.h" />
		<Unit filename="../../../Source/Kernel/IKAROS_Utils.cc" />
		<Unit filename="../../../Source/Kernel/IKAROS_Utils.h" />
		<Unit filename="../../../Source/Kernel/IKAROS_XML.cc" />
		<Unit filename="../../../Source/Kernel/IKAROS_XML.h" />
		<Unit filename="../../../Source/Kernel/main.cc" />
		<Unit filename="../../../Source/Modules/ANN/Perceptron/Examples/README.txt" />
		<Unit filename="../../../Source/Modules/ANN/Perceptron/Examples/logical_operators_and.data" />
		<Unit filename="../../../Source/Modules/ANN/Perceptron/Examples/logical_operators_and.ikc" />
		<Unit filename="../../../Source/Modules/ANN/Perceptron/Examples/multi.data" />
		<Unit filename="../../../Source/Modules/ANN/Perceptron/Examples/multi.ikc" />
		<Unit filename="../../../Source/Modules/ANN/Perceptron/Examples/vowel.data" />
		<Unit filename="../../../Source/Modules/ANN/Perceptron/Examples/vowel.ikc" />
		<Unit filename="../../../Source/Modules/ANN/Perceptron/Perceptron.cc" />
		<Unit filename="../../../Source/Modules/ANN/Perceptron/Perceptron.h" />
		<Unit filename="../../../Source/Modules/ANN/Perceptron/Perceptron.ikc" />
		<Unit filename="../../../Source/Modules/BrainModels/Moren2002/Examples/AcquisitionExtinction/input.txt" />
		<Unit filename="../../../Source/Modules/BrainModels/Moren2002/Examples/AcquisitionExtinction/network.xml" />
		<Unit filename="../../../Source/Modules/BrainModels/Moren2002/Examples/Blocking/input.txt" />
		<Unit filename="../../../Source/Modules/BrainModels/Moren2002/Examples/Blocking/network.xml" />
		<Unit filename="../../../Source/Modules/BrainModels/Moren2002/Examples/ConditionedInhibition/input.txt" />
		<Unit filename="../../../Source/Modules/BrainModels/Moren2002/Examples/ConditionedInhibition/network.xml" />
		<Unit filename="../../../Source/Modules/BrainModels/Moren2002/Examples/Discrimination/input.txt" />
		<Unit filename="../../../Source/Modules/BrainModels/Moren2002/Examples/Discrimination/network.ikc" />
		<Unit filename="../../../Source/Modules/BrainModels/Moren2002/Examples/Disinhibition/input.txt" />
		<Unit filename="../../../Source/Modules/BrainModels/Moren2002/Examples/Disinhibition/network.ikc" />
		<Unit filename="../../../Source/Modules/BrainModels/Moren2002/Examples/Disinhibition2/input.txt" />
		<Unit filename="../../../Source/Modules/BrainModels/Moren2002/Examples/Disinhibition2/network.ikc" />
		<Unit filename="../../../Source/Modules/BrainModels/Moren2002/Examples/NegativePatterning/input.txt" />
		<Unit filename="../../../Source/Modules/BrainModels/Moren2002/Examples/NegativePatterning/network.xml" />
		<Unit filename="../../../Source/Modules/BrainModels/Moren2002/Examples/PositivePatterning/input.txt" />
		<Unit filename="../../../Source/Modules/BrainModels/Moren2002/Examples/PositivePatterning/network.xml" />
		<Unit filename="../../../Source/Modules/BrainModels/Moren2002/Examples/README" />
		<Unit filename="../../../Source/Modules/BrainModels/Moren2002/Examples/SFPD/input.txt" />
		<Unit filename="../../../Source/Modules/BrainModels/Moren2002/Examples/SFPD/network.xml" />
		<Unit filename="../../../Source/Modules/BrainModels/Moren2002/Examples/test.ikc" />
		<Unit filename="../../../Source/Modules/BrainModels/Moren2002/M02_Amygdala/M02_Amygdala.cc" />
		<Unit filename="../../../Source/Modules/BrainModels/Moren2002/M02_Amygdala/M02_Amygdala.h" />
		<Unit filename="../../../Source/Modules/BrainModels/Moren2002/M02_Amygdala/M02_Amygdala.ikc" />
		<Unit filename="../../../Source/Modules/BrainModels/Moren2002/M02_Cortex/M02_Cortex.cc" />
		<Unit filename="../../../Source/Modules/BrainModels/Moren2002/M02_Cortex/M02_Cortex.h" />
		<Unit filename="../../../Source/Modules/BrainModels/Moren2002/M02_Cortex/M02_Cortex.ikc" />
		<Unit filename="../../../Source/Modules/BrainModels/Moren2002/M02_Hippocampus/M02_Hippocampus.cc" />
		<Unit filename="../../../Source/Modules/BrainModels/Moren2002/M02_Hippocampus/M02_Hippocampus.h" />
		<Unit filename="../../../Source/Modules/BrainModels/Moren2002/M02_Hippocampus/M02_Hippocampus.ikc" />
		<Unit filename="../../../Source/Modules/BrainModels/Moren2002/M02_OFC/M02_OFC.cc" />
		<Unit filename="../../../Source/Modules/BrainModels/Moren2002/M02_OFC/M02_OFC.h" />
		<Unit filename="../../../Source/Modules/BrainModels/Moren2002/M02_OFC/M02_OFC.ikc" />
		<Unit filename="../../../Source/Modules/BrainModels/Moren2002/M02_SensoryCortex/M02_SensoryCortex.cc" />
		<Unit filename="../../../Source/Modules/BrainModels/Moren2002/M02_SensoryCortex/M02_SensoryCortex.h" />
		<Unit filename="../../../Source/Modules/BrainModels/Moren2002/M02_SensoryCortex/M02_SensoryCortex.ikc" />
		<Unit filename="../../../Source/Modules/BrainModels/Moren2002/M02_Thalamus/M02_Thalamus.cc" />
		<Unit filename="../../../Source/Modules/BrainModels/Moren2002/M02_Thalamus/M02_Thalamus.h" />
		<Unit filename="../../../Source/Modules/BrainModels/Moren2002/M02_Thalamus/M02_Thalamus.ikc" />
		<Unit filename="../../../Source/Modules/CodingModules/CoarseCoder/CoarseCoder.cc" />
		<Unit filename="../../../Source/Modules/CodingModules/CoarseCoder/CoarseCoder.h" />
		<Unit filename="../../../Source/Modules/CodingModules/CoarseCoder/CoarseCoder.ikc" />
		<Unit filename="../../../Source/Modules/CodingModules/CoarseCoder/Examples/CoarseCoded_GridWorld2_test.ikc" />
		<Unit filename="../../../Source/Modules/CodingModules/CoarseCoder/Examples/CoarseCoded_GridWorld_test.ikc" />
		<Unit filename="../../../Source/Modules/CodingModules/CoarseCoder/Examples/CoarseCoder_test.ikc" />
		<Unit filename="../../../Source/Modules/CodingModules/IntervalCoder/Examples/IntervalCoder_test.ikc" />
		<Unit filename="../../../Source/Modules/CodingModules/IntervalCoder/IntervalCoder.cc" />
		<Unit filename="../../../Source/Modules/CodingModules/IntervalCoder/IntervalCoder.h" />
		<Unit filename="../../../Source/Modules/CodingModules/IntervalCoder/IntervalCoder.ikc" />
		<Unit filename="../../../Source/Modules/CodingModules/IntervalDecoder/Examples/IntervalDecoder_test.ikc" />
		<Unit filename="../../../Source/Modules/CodingModules/IntervalDecoder/IntervalDecoder.cc" />
		<Unit filename="../../../Source/Modules/CodingModules/IntervalDecoder/IntervalDecoder.h" />
		<Unit filename="../../../Source/Modules/CodingModules/IntervalDecoder/IntervalDecoder.ikc" />
		<Unit filename="../../../Source/Modules/ControlModules/KalmanFilter/Examples/KalmanFilter_test.ikc" />
		<Unit filename="../../../Source/Modules/ControlModules/KalmanFilter/KalmanFilter.cc" />
		<Unit filename="../../../Source/Modules/ControlModules/KalmanFilter/KalmanFilter.h" />
		<Unit filename="../../../Source/Modules/ControlModules/KalmanFilter/KalmanFilter.ikc" />
		<Unit filename="../../../Source/Modules/ControlModules/PIDController/Examples/PIDController_test.ikc" />
		<Unit filename="../../../Source/Modules/ControlModules/PIDController/Examples/input.dat" />
		<Unit filename="../../../Source/Modules/ControlModules/PIDController/PIDController.cc" />
		<Unit filename="../../../Source/Modules/ControlModules/PIDController/PIDController.h" />
		<Unit filename="../../../Source/Modules/ControlModules/PIDController/PIDController.ikc" />
		<Unit filename="../../../Source/Modules/EnvironmentModules/GridWorld/Examples/GridWorld_test.ikc" />
		<Unit filename="../../../Source/Modules/EnvironmentModules/GridWorld/GridWorld.cc" />
		<Unit filename="../../../Source/Modules/EnvironmentModules/GridWorld/GridWorld.h" />
		<Unit filename="../../../Source/Modules/EnvironmentModules/GridWorld/GridWorld.ikc" />
		<Unit filename="../../../Source/Modules/EnvironmentModules/MazeGenerator/Examples/MazeGenerator_and_QL_test.ikc" />
		<Unit filename="../../../Source/Modules/EnvironmentModules/MazeGenerator/Examples/MazeGenerator_test.ikc" />
		<Unit filename="../../../Source/Modules/EnvironmentModules/MazeGenerator/MazeGenerator.cc" />
		<Unit filename="../../../Source/Modules/EnvironmentModules/MazeGenerator/MazeGenerator.h" />
		<Unit filename="../../../Source/Modules/EnvironmentModules/MazeGenerator/MazeGenerator.ikc" />
		<Unit filename="../../../Source/Modules/EnvironmentModules/PlanarArm/Examples/PlanarArm_test.ikc" />
		<Unit filename="../../../Source/Modules/EnvironmentModules/PlanarArm/PlanarArm.cc" />
		<Unit filename="../../../Source/Modules/EnvironmentModules/PlanarArm/PlanarArm.h" />
		<Unit filename="../../../Source/Modules/EnvironmentModules/PlanarArm/PlanarArm.ikc" />
		<Unit filename="../../../Source/Modules/Examples/DelayOne/DelayOne.cc" />
		<Unit filename="../../../Source/Modules/Examples/DelayOne/DelayOne.h" />
		<Unit filename="../../../Source/Modules/Examples/DelayOne/DelayOne.ikc" />
		<Unit filename="../../../Source/Modules/Examples/Sum/Examples/Sum_test.ikc" />
		<Unit filename="../../../Source/Modules/Examples/Sum/Examples/inputfile.txt" />
		<Unit filename="../../../Source/Modules/Examples/Sum/Examples/outputfile.txt" />
		<Unit filename="../../../Source/Modules/Examples/Sum/Sum.cc" />
		<Unit filename="../../../Source/Modules/Examples/Sum/Sum.h" />
		<Unit filename="../../../Source/Modules/Examples/Sum/Sum.ikc" />
		<Unit filename="../../../Source/Modules/IOModules/FileInput/InputFile/Examples/input.dat" />
		<Unit filename="../../../Source/Modules/IOModules/FileInput/InputFile/Examples/inputfile_test.ikc" />
		<Unit filename="../../../Source/Modules/IOModules/FileInput/InputFile/InputFile.cc" />
		<Unit filename="../../../Source/Modules/IOModules/FileInput/InputFile/InputFile.h" />
		<Unit filename="../../../Source/Modules/IOModules/FileInput/InputFile/InputFile.ikc" />
		<Unit filename="../../../Source/Modules/IOModules/FileInput/InputJPEG/Examples/B.raw" />
		<Unit filename="../../../Source/Modules/IOModules/FileInput/InputJPEG/Examples/G.raw" />
		<Unit filename="../../../Source/Modules/IOModules/FileInput/InputJPEG/Examples/InputJPEG_color_test.ikc" />
		<Unit filename="../../../Source/Modules/IOModules/FileInput/InputJPEG/Examples/InputJPEG_gray_test.ikc" />
		<Unit filename="../../../Source/Modules/IOModules/FileInput/InputJPEG/Examples/R.raw" />
		<Unit filename="../../../Source/Modules/IOModules/FileInput/InputJPEG/InputJPEG.cc" />
		<Unit filename="../../../Source/Modules/IOModules/FileInput/InputJPEG/InputJPEG.h" />
		<Unit filename="../../../Source/Modules/IOModules/FileInput/InputJPEG/InputJPEG.ikc" />
		<Unit filename="../../../Source/Modules/IOModules/FileInput/InputPNG/Examples/InputPNG_color_test.ikc" />
		<Unit filename="../../../Source/Modules/IOModules/FileInput/InputPNG/Examples/InputPNG_gray_test.ikc" />
		<Unit filename="../../../Source/Modules/IOModules/FileInput/InputPNG/Examples/Out.jpg" />
		<Unit filename="../../../Source/Modules/IOModules/FileInput/InputPNG/InputPNG.cc" />
		<Unit filename="../../../Source/Modules/IOModules/FileInput/InputPNG/InputPNG.h" />
		<Unit filename="../../../Source/Modules/IOModules/FileInput/InputPNG/InputPNG.ikc" />
		<Unit filename="../../../Source/Modules/IOModules/FileInput/InputQTAudio/Examples/InputQTAudio_test.ikc" />
		<Unit filename="../../../Source/Modules/IOModules/FileInput/InputQTAudio/Examples/InputQTAudio_test2.ikc" />
		<Unit filename="../../../Source/Modules/IOModules/FileInput/InputQTAudio/InputQTAudio.cc" />
		<Unit filename="../../../Source/Modules/IOModules/FileInput/InputQTAudio/InputQTAudio.h" />
		<Unit filename="../../../Source/Modules/IOModules/FileInput/InputQTAudio/InputQTAudio.ikc" />
		<Unit filename="../../../Source/Modules/IOModules/FileInput/InputQTAudio/MTAudioBufferListUtils.cc" />
		<Unit filename="../../../Source/Modules/IOModules/FileInput/InputQTAudio/MTAudioBufferListUtils.h" />
		<Unit filename="../../../Source/Modules/IOModules/FileInput/InputQTAudio/QuickTimeAudioUtils.cc" />
		<Unit filename="../../../Source/Modules/IOModules/FileInput/InputQTAudio/QuickTimeAudioUtils.h" />
		<Unit filename="../../../Source/Modules/IOModules/FileInput/InputQTMovie/Examples/InputQTMovie_fun.ikc" />
		<Unit filename="../../../Source/Modules/IOModules/FileInput/InputQTMovie/Examples/InputQTMovie_test.ikc" />
		<Unit filename="../../../Source/Modules/IOModules/FileInput/InputQTMovie/InputQTMovie.M" />
		<Unit filename="../../../Source/Modules/IOModules/FileInput/InputQTMovie/InputQTMovie.h" />
		<Unit filename="../../../Source/Modules/IOModules/FileInput/InputQTMovie/InputQTMovie.ikc" />
		<Unit filename="../../../Source/Modules/IOModules/FileInput/InputRawImage/Examples/InputRawImage_test.ikc" />
		<Unit filename="../../../Source/Modules/IOModules/FileInput/InputRawImage/InputRawImage.cc" />
		<Unit filename="../../../Source/Modules/IOModules/FileInput/InputRawImage/InputRawImage.h" />
		<Unit filename="../../../Source/Modules/IOModules/FileInput/InputRawImage/InputRawImage.ikc" />
		<Unit filename="../../../Source/Modules/IOModules/FileOutput/OutputFile/OutputFile.cc" />
		<Unit filename="../../../Source/Modules/IOModules/FileOutput/OutputFile/OutputFile.h" />
		<Unit filename="../../../Source/Modules/IOModules/FileOutput/OutputFile/OutputFile.ikc" />
		<Unit filename="../../../Source/Modules/IOModules/FileOutput/OutputJPEG/Examples/OutputJPEG_RGB_test.ikc" />
		<Unit filename="../../../Source/Modules/IOModules/FileOutput/OutputJPEG/Examples/OutputJPEG_test.ikc" />
		<Unit filename="../../../Source/Modules/IOModules/FileOutput/OutputJPEG/OutputJPEG.cc" />
		<Unit filename="../../../Source/Modules/IOModules/FileOutput/OutputJPEG/OutputJPEG.h" />
		<Unit filename="../../../Source/Modules/IOModules/FileOutput/OutputJPEG/OutputJPEG.ikc" />
		<Unit filename="../../../Source/Modules/IOModules/FileOutput/OutputPNG/Examples/OutputPNG_gray_test.ikc" />
		<Unit filename="../../../Source/Modules/IOModules/FileOutput/OutputPNG/Examples/OutputPNG_rgb_test.ikc" />
		<Unit filename="../../../Source/Modules/IOModules/FileOutput/OutputPNG/OutputPNG.cc" />
		<Unit filename="../../../Source/Modules/IOModules/FileOutput/OutputPNG/OutputPNG.h" />
		<Unit filename="../../../Source/Modules/IOModules/FileOutput/OutputPNG/OutputPNG.ikc" />
		<Unit filename="../../../Source/Modules/IOModules/FileOutput/OutputQTAudioVisual/Examples/OutputQTAudioVisual_test.ikc" />
		<Unit filename="../../../Source/Modules/IOModules/FileOutput/OutputQTAudioVisual/Examples/ikaros.aif" />
		<Unit filename="../../../Source/Modules/IOModules/FileOutput/OutputQTAudioVisual/OutputQTAudioVisual.cc" />
		<Unit filename="../../../Source/Modules/IOModules/FileOutput/OutputQTAudioVisual/OutputQTAudioVisual.h" />
		<Unit filename="../../../Source/Modules/IOModules/FileOutput/OutputQTAudioVisual/OutputQTAudioVisual.ikc" />
		<Unit filename="../../../Source/Modules/IOModules/FileOutput/OutputRawImage/OutputRawImage.cc" />
		<Unit filename="../../../Source/Modules/IOModules/FileOutput/OutputRawImage/OutputRawImage.h" />
		<Unit filename="../../../Source/Modules/IOModules/FileOutput/OutputRawImage/OutputRawImage.ikc" />
		<Unit filename="../../../Source/Modules/IOModules/Video/InputVideoQT/Examples/InputVideoQT_test.ikc" />
		<Unit filename="../../../Source/Modules/IOModules/Video/InputVideoQT/Examples/InputVideoQT_two_camera_test.ikc" />
		<Unit filename="../../../Source/Modules/IOModules/Video/InputVideoQT/InputVideoQT.M" />
		<Unit filename="../../../Source/Modules/IOModules/Video/InputVideoQT/InputVideoQT.h" />
		<Unit filename="../../../Source/Modules/IOModules/Video/InputVideoQT/InputVideoQT.ikc" />
		<Unit filename="../../../Source/Modules/IOModules/Video/InputVideoQT/QTGrab.h" />
		<Unit filename="../../../Source/Modules/IOModules/Video/InputVideoQT/QTGrab.m" />
		<Unit filename="../../../Source/Modules/IOModules/Video/NetworkCamera/Examples/NetworkCamera_test.ikc" />
		<Unit filename="../../../Source/Modules/IOModules/Video/NetworkCamera/NetworkCamera.cc" />
		<Unit filename="../../../Source/Modules/IOModules/Video/NetworkCamera/NetworkCamera.h" />
		<Unit filename="../../../Source/Modules/IOModules/Video/NetworkCamera/NetworkCamera.ikc" />
		<Unit filename="../../../Source/Modules/LearningModules/KNN/Examples/100000learn_1000find.data" />
		<Unit filename="../../../Source/Modules/LearningModules/KNN/Examples/100000learn_1000find.ikc" />
		<Unit filename="../../../Source/Modules/LearningModules/KNN/Examples/10000learn_1000find.data" />
		<Unit filename="../../../Source/Modules/LearningModules/KNN/Examples/10000learn_1000find.ikc" />
		<Unit filename="../../../Source/Modules/LearningModules/KNN/Examples/1000learn_420find.data" />
		<Unit filename="../../../Source/Modules/LearningModules/KNN/Examples/1000learn_420find.ikc" />
		<Unit filename="../../../Source/Modules/LearningModules/KNN/Examples/README.txt" />
		<Unit filename="../../../Source/Modules/LearningModules/KNN/Examples/test.data" />
		<Unit filename="../../../Source/Modules/LearningModules/KNN/Examples/test.ikc" />
		<Unit filename="../../../Source/Modules/LearningModules/KNN/KD_Tree.cc" />
		<Unit filename="../../../Source/Modules/LearningModules/KNN/KD_Tree.h" />
		<Unit filename="../../../Source/Modules/LearningModules/KNN/KNN.cc" />
		<Unit filename="../../../Source/Modules/LearningModules/KNN/KNN.h" />
		<Unit filename="../../../Source/Modules/LearningModules/KNN/KNN.ikc" />
		<Unit filename="../../../Source/Modules/LearningModules/KNN_Pick/Examples/5neighbors_categorical.data" />
		<Unit filename="../../../Source/Modules/LearningModules/KNN_Pick/Examples/5neighbors_categorical.ikc" />
		<Unit filename="../../../Source/Modules/LearningModules/KNN_Pick/Examples/5neighbors_categorical.output" />
		<Unit filename="../../../Source/Modules/LearningModules/KNN_Pick/KNN_Pick.cc" />
		<Unit filename="../../../Source/Modules/LearningModules/KNN_Pick/KNN_Pick.h" />
		<Unit filename="../../../Source/Modules/LearningModules/KNN_Pick/KNN_Pick.ikc" />
		<Unit filename="../../../Source/Modules/LearningModules/KNN_Pick/README.txt" />
		<Unit filename="../../../Source/Modules/LearningModules/LinearAssociator/Examples/LinearAssociator_test.ikc" />
		<Unit filename="../../../Source/Modules/LearningModules/LinearAssociator/Examples/input.dat" />
		<Unit filename="../../../Source/Modules/LearningModules/LinearAssociator/LinearAssociator.cc" />
		<Unit filename="../../../Source/Modules/LearningModules/LinearAssociator/LinearAssociator.h" />
		<Unit filename="../../../Source/Modules/LearningModules/LinearAssociator/LinearAssociator.ikc" />
		<Unit filename="../../../Source/Modules/LearningModules/QLearning/Examples/QLearning_test.ikc" />
		<Unit filename="../../../Source/Modules/LearningModules/QLearning/QLearning.cc" />
		<Unit filename="../../../Source/Modules/LearningModules/QLearning/QLearning.h" />
		<Unit filename="../../../Source/Modules/LearningModules/QLearning/QLearning.ikc" />
		<Unit filename="../../../Source/Modules/Modules.h" />
		<Unit filename="../../../Source/Modules/RobotModules/Dynamixel/Dynamixel.cc" />
		<Unit filename="../../../Source/Modules/RobotModules/Dynamixel/Dynamixel.h" />
		<Unit filename="../../../Source/Modules/RobotModules/Dynamixel/Dynamixel.ikc" />
		<Unit filename="../../../Source/Modules/RobotModules/Dynamixel/DynamixelComm.cc" />
		<Unit filename="../../../Source/Modules/RobotModules/Dynamixel/DynamixelComm.h" />
		<Unit filename="../../../Source/Modules/RobotModules/Dynamixel/Examples/Dynamixel_test.ikc" />
		<Unit filename="../../../Source/Modules/RobotModules/Epuck/Epuck.cc" />
		<Unit filename="../../../Source/Modules/RobotModules/Epuck/Epuck.h" />
		<Unit filename="../../../Source/Modules/RobotModules/Epuck/Epuck.ikc" />
		<Unit filename="../../../Source/Modules/RobotModules/Epuck/Examples/Epuck_camera_mic.ikc" />
		<Unit filename="../../../Source/Modules/RobotModules/Epuck/Examples/Epuck_inputs.ikc" />
		<Unit filename="../../../Source/Modules/RobotModules/Epuck/Examples/Epuck_movements.ikc" />
		<Unit filename="../../../Source/Modules/RobotModules/Epuck/Examples/README.txt" />
		<Unit filename="../../../Source/Modules/RobotModules/Epuck/Examples/Timing.txt" />
		<Unit filename="../../../Source/Modules/RobotModules/Epuck/Examples/blink_test.ikc" />
		<Unit filename="../../../Source/Modules/RobotModules/Epuck/Examples/data.txt" />
		<Unit filename="../../../Source/Modules/RobotModules/Epuck/Examples/data1.txt" />
		<Unit filename="../../../Source/Modules/RobotModules/Epuck/Examples/data3.txt" />
		<Unit filename="../../../Source/Modules/RobotModules/Epuck/Examples/inputs.data" />
		<Unit filename="../../../Source/Modules/RobotModules/Epuck/Examples/movements.data" />
		<Unit filename="../../../Source/Modules/RobotModules/SSC32/Examples/SSC32_test.ikc" />
		<Unit filename="../../../Source/Modules/RobotModules/SSC32/Examples/data.txt" />
		<Unit filename="../../../Source/Modules/RobotModules/SSC32/SSC32.cc" />
		<Unit filename="../../../Source/Modules/RobotModules/SSC32/SSC32.h" />
		<Unit filename="../../../Source/Modules/RobotModules/SSC32/SSC32.ikc" />
		<Unit filename="../../../Source/Modules/UtilityModules/Abs/Abs.cc" />
		<Unit filename="../../../Source/Modules/UtilityModules/Abs/Abs.h" />
		<Unit filename="../../../Source/Modules/UtilityModules/Abs/Abs.ikc" />
		<Unit filename="../../../Source/Modules/UtilityModules/Abs/Examples/Abs_test.ikc" />
		<Unit filename="../../../Source/Modules/UtilityModules/Add/Add.cc" />
		<Unit filename="../../../Source/Modules/UtilityModules/Add/Add.h" />
		<Unit filename="../../../Source/Modules/UtilityModules/Add/Add.ikc" />
		<Unit filename="../../../Source/Modules/UtilityModules/Add/Examples/Add_test.ikc" />
		<Unit filename="../../../Source/Modules/UtilityModules/Arbiter/Arbiter.cc" />
		<Unit filename="../../../Source/Modules/UtilityModules/Arbiter/Arbiter.h" />
		<Unit filename="../../../Source/Modules/UtilityModules/Arbiter/Arbiter.ikc" />
		<Unit filename="../../../Source/Modules/UtilityModules/Arbiter/Examples/Arbiter_test.ikc" />
		<Unit filename="../../../Source/Modules/UtilityModules/ArgMax/ArgMax.cc" />
		<Unit filename="../../../Source/Modules/UtilityModules/ArgMax/ArgMax.h" />
		<Unit filename="../../../Source/Modules/UtilityModules/ArgMax/ArgMax.ikc" />
		<Unit filename="../../../Source/Modules/UtilityModules/ArgMax/Examples/ArgMax_test.ikc" />
		<Unit filename="../../../Source/Modules/UtilityModules/Average/Average.cc" />
		<Unit filename="../../../Source/Modules/UtilityModules/Average/Average.h" />
		<Unit filename="../../../Source/Modules/UtilityModules/Average/Average.ikc" />
		<Unit filename="../../../Source/Modules/UtilityModules/Average/Examples/Average_test.ikc" />
		<Unit filename="../../../Source/Modules/UtilityModules/Constant/Constant.cc" />
		<Unit filename="../../../Source/Modules/UtilityModules/Constant/Constant.h" />
		<Unit filename="../../../Source/Modules/UtilityModules/Constant/Constant.ikc" />
		<Unit filename="../../../Source/Modules/UtilityModules/Constant/Examples/Constant_test.ikc" />
		<Unit filename="../../../Source/Modules/UtilityModules/Counter/Counter.cc" />
		<Unit filename="../../../Source/Modules/UtilityModules/Counter/Counter.h" />
		<Unit filename="../../../Source/Modules/UtilityModules/Counter/Counter.ikc" />
		<Unit filename="../../../Source/Modules/UtilityModules/Counter/Examples/Counter_test.ikc" />
		<Unit filename="../../../Source/Modules/UtilityModules/Delay/Delay.cc" />
		<Unit filename="../../../Source/Modules/UtilityModules/Delay/Delay.h" />
		<Unit filename="../../../Source/Modules/UtilityModules/Delay/Delay.ikc" />
		<Unit filename="../../../Source/Modules/UtilityModules/Differentiator/Differentiator.ikc" />
		<Unit filename="../../../Source/Modules/UtilityModules/Distance/Distance.cc" />
		<Unit filename="../../../Source/Modules/UtilityModules/Distance/Distance.h" />
		<Unit filename="../../../Source/Modules/UtilityModules/Distance/Distance.ikc" />
		<Unit filename="../../../Source/Modules/UtilityModules/Distance/Examples/Distance_test.ikc" />
		<Unit filename="../../../Source/Modules/UtilityModules/Divide/Divide.cc" />
		<Unit filename="../../../Source/Modules/UtilityModules/Divide/Divide.h" />
		<Unit filename="../../../Source/Modules/UtilityModules/Divide/Divide.ikc" />
		<Unit filename="../../../Source/Modules/UtilityModules/Divide/Examples/Divide_test.ikc" />
		<Unit filename="../../../Source/Modules/UtilityModules/FunctionGenerator/Examples/FunctionGenerator_test.ikc" />
		<Unit filename="../../../Source/Modules/UtilityModules/FunctionGenerator/FunctionGenerator.cc" />
		<Unit filename="../../../Source/Modules/UtilityModules/FunctionGenerator/FunctionGenerator.h" />
		<Unit filename="../../../Source/Modules/UtilityModules/FunctionGenerator/FunctionGenerator.ikc" />
		<Unit filename="../../../Source/Modules/UtilityModules/Gate/Examples/Gate_test.ikc" />
		<Unit filename="../../../Source/Modules/UtilityModules/Gate/Gate.cc" />
		<Unit filename="../../../Source/Modules/UtilityModules/Gate/Gate.h" />
		<Unit filename="../../../Source/Modules/UtilityModules/Gate/Gate.ikc" />
		<Unit filename="../../../Source/Modules/UtilityModules/Integrator/Examples/Integrator_test.ikc" />
		<Unit filename="../../../Source/Modules/UtilityModules/Integrator/Integrator.cc" />
		<Unit filename="../../../Source/Modules/UtilityModules/Integrator/Integrator.h" />
		<Unit filename="../../../Source/Modules/UtilityModules/Integrator/Integrator.ikc" />
		<Unit filename="../../../Source/Modules/UtilityModules/MatrixMultiply/Examples/MatrixMultiply_test.ikc" />
		<Unit filename="../../../Source/Modules/UtilityModules/MatrixMultiply/MatrixMultiply.cc" />
		<Unit filename="../../../Source/Modules/UtilityModules/MatrixMultiply/MatrixMultiply.h" />
		<Unit filename="../../../Source/Modules/UtilityModules/MatrixMultiply/MatrixMultiply.ikc" />
		<Unit filename="../../../Source/Modules/UtilityModules/Max/Examples/Max_test.ikc" />
		<Unit filename="../../../Source/Modules/UtilityModules/Max/Max.cc" />
		<Unit filename="../../../Source/Modules/UtilityModules/Max/Max.h" />
		<Unit filename="../../../Source/Modules/UtilityModules/Max/Max.ikc" />
		<Unit filename="../../../Source/Modules/UtilityModules/Min/Examples/Min_test.ikc" />
		<Unit filename="../../../Source/Modules/UtilityModules/Min/Min.cc" />
		<Unit filename="../../../Source/Modules/UtilityModules/Min/Min.h" />
		<Unit filename="../../../Source/Modules/UtilityModules/Min/Min.ikc" />
		<Unit filename="../../../Source/Modules/UtilityModules/Multiply/Examples/Multiply_test.ikc" />
		<Unit filename="../../../Source/Modules/UtilityModules/Multiply/Multiply.cc" />
		<Unit filename="../../../Source/Modules/UtilityModules/Multiply/Multiply.h" />
		<Unit filename="../../../Source/Modules/UtilityModules/Multiply/Multiply.ikc" />
		<Unit filename="../../../Source/Modules/UtilityModules/Noise/Examples/Noise_test.ikc" />
		<Unit filename="../../../Source/Modules/UtilityModules/Noise/Noise.cc" />
		<Unit filename="../../../Source/Modules/UtilityModules/Noise/Noise.h" />
		<Unit filename="../../../Source/Modules/UtilityModules/Noise/Noise.ikc" />
		<Unit filename="../../../Source/Modules/UtilityModules/Normalize/Examples/Normalize_test.ikc" />
		<Unit filename="../../../Source/Modules/UtilityModules/Normalize/Normalize.cc" />
		<Unit filename="../../../Source/Modules/UtilityModules/Normalize/Normalize.h" />
		<Unit filename="../../../Source/Modules/UtilityModules/Normalize/Normalize.ikc" />
		<Unit filename="../../../Source/Modules/UtilityModules/OuterProduct/Examples/OuterProduct_test.ikc" />
		<Unit filename="../../../Source/Modules/UtilityModules/OuterProduct/OuterProduct.cc" />
		<Unit filename="../../../Source/Modules/UtilityModules/OuterProduct/OuterProduct.h" />
		<Unit filename="../../../Source/Modules/UtilityModules/OuterProduct/OuterProduct.ikc" />
		<Unit filename="../../../Source/Modules/UtilityModules/Polynomial/Examples/Polynomial_test.ikc" />
		<Unit filename="../../../Source/Modules/UtilityModules/Polynomial/Polynomial.cc" />
		<Unit filename="../../../Source/Modules/UtilityModules/Polynomial/Polynomial.h" />
		<Unit filename="../../../Source/Modules/UtilityModules/Polynomial/Polynomial.ikc" />
		<Unit filename="../../../Source/Modules/UtilityModules/Randomizer/Examples/Randomizer_test.ikc" />
		<Unit filename="../../../Source/Modules/UtilityModules/Randomizer/Randomizer.cc" />
		<Unit filename="../../../Source/Modules/UtilityModules/Randomizer/Randomizer.h" />
		<Unit filename="../../../Source/Modules/UtilityModules/Randomizer/Randomizer.ikc" />
		<Unit filename="../../../Source/Modules/UtilityModules/Scale/Examples/Scale_test.ikc" />
		<Unit filename="../../../Source/Modules/UtilityModules/Scale/Scale.cc" />
		<Unit filename="../../../Source/Modules/UtilityModules/Scale/Scale.h" />
		<Unit filename="../../../Source/Modules/UtilityModules/Scale/Scale.ikc" />
		<Unit filename="../../../Source/Modules/UtilityModules/SelectMax/Examples/SelectMax_test.ikc" />
		<Unit filename="../../../Source/Modules/UtilityModules/SelectMax/SelectMax.cc" />
		<Unit filename="../../../Source/Modules/UtilityModules/SelectMax/SelectMax.h" />
		<Unit filename="../../../Source/Modules/UtilityModules/SelectMax/SelectMax.ikc" />
		<Unit filename="../../../Source/Modules/UtilityModules/Shift/Examples/Shift_test.ikc" />
		<Unit filename="../../../Source/Modules/UtilityModules/Shift/Shift.cc" />
		<Unit filename="../../../Source/Modules/UtilityModules/Shift/Shift.h" />
		<Unit filename="../../../Source/Modules/UtilityModules/Shift/Shift.ikc" />
		<Unit filename="../../../Source/Modules/UtilityModules/Softmax/Examples/Softmax_test.ikc" />
		<Unit filename="../../../Source/Modules/UtilityModules/Softmax/Softmax.cc" />
		<Unit filename="../../../Source/Modules/UtilityModules/Softmax/Softmax.h" />
		<Unit filename="../../../Source/Modules/UtilityModules/Softmax/Softmax.ikc" />
		<Unit filename="../../../Source/Modules/UtilityModules/Subtract/Examples/Subtract_test.ikc" />
		<Unit filename="../../../Source/Modules/UtilityModules/Subtract/Subtract.cc" />
		<Unit filename="../../../Source/Modules/UtilityModules/Subtract/Subtract.h" />
		<Unit filename="../../../Source/Modules/UtilityModules/Subtract/Subtract.ikc" />
		<Unit filename="../../../Source/Modules/UtilityModules/Sweep/Examples/Sweep_test.ikc" />
		<Unit filename="../../../Source/Modules/UtilityModules/Sweep/Sweep.cc" />
		<Unit filename="../../../Source/Modules/UtilityModules/Sweep/Sweep.h" />
		<Unit filename="../../../Source/Modules/UtilityModules/Sweep/Sweep.ikc" />
		<Unit filename="../../../Source/Modules/UtilityModules/Threshold/Examples/Threshold_test.ikc" />
		<Unit filename="../../../Source/Modules/UtilityModules/Threshold/Threshold.cc" />
		<Unit filename="../../../Source/Modules/UtilityModules/Threshold/Threshold.h" />
		<Unit filename="../../../Source/Modules/UtilityModules/Threshold/Threshold.ikc" />
		<Unit filename="../../../Source/Modules/VisionModules/AttentionFocus/AttentionFocus.cc" />
		<Unit filename="../../../Source/Modules/VisionModules/AttentionFocus/AttentionFocus.h" />
		<Unit filename="../../../Source/Modules/VisionModules/AttentionFocus/AttentionFocus.ikc" />
		<Unit filename="../../../Source/Modules/VisionModules/ColorClassifier/ColorClassifier.cc" />
		<Unit filename="../../../Source/Modules/VisionModules/ColorClassifier/ColorClassifier.h" />
		<Unit filename="../../../Source/Modules/VisionModules/ColorClassifier/ColorClassifier.ikc" />
		<Unit filename="../../../Source/Modules/VisionModules/ColorClassifier/Examples/ColorClassifier_test.ikc" />
		<Unit filename="../../../Source/Modules/VisionModules/ColorMatch/ColorMatch.cc" />
		<Unit filename="../../../Source/Modules/VisionModules/ColorMatch/ColorMatch.h" />
		<Unit filename="../../../Source/Modules/VisionModules/ColorMatch/ColorMatch.ikc" />
		<Unit filename="../../../Source/Modules/VisionModules/ColorMatch/Examples/ColorMatch_test.ikc" />
		<Unit filename="../../../Source/Modules/VisionModules/ColorTransform/ColorTransform.cc" />
		<Unit filename="../../../Source/Modules/VisionModules/ColorTransform/ColorTransform.h" />
		<Unit filename="../../../Source/Modules/VisionModules/ColorTransform/ColorTransform.ikc" />
		<Unit filename="../../../Source/Modules/VisionModules/ColorTransform/Examples/ColorTransform_test.ikc" />
		<Unit filename="../../../Source/Modules/VisionModules/ImageConvolution/Examples/Convolution_cam.ikc" />
		<Unit filename="../../../Source/Modules/VisionModules/ImageConvolution/Examples/Convolution_test.ikc" />
		<Unit filename="../../../Source/Modules/VisionModules/ImageConvolution/ImageConvolution.cc" />
		<Unit filename="../../../Source/Modules/VisionModules/ImageConvolution/ImageConvolution.h" />
		<Unit filename="../../../Source/Modules/VisionModules/ImageConvolution/ImageConvolution.ikc" />
		<Unit filename="../../../Source/Modules/VisionModules/ImageOperators/ChangeDetector/ChangeDetector.cc" />
		<Unit filename="../../../Source/Modules/VisionModules/ImageOperators/ChangeDetector/ChangeDetector.h" />
		<Unit filename="../../../Source/Modules/VisionModules/ImageOperators/ChangeDetector/ChangeDetector.ikc" />
		<Unit filename="../../../Source/Modules/VisionModules/ImageOperators/ChangeDetector/Examples/ChangeDetector_test.ikc" />
		<Unit filename="../../../Source/Modules/VisionModules/ImageOperators/CurvatureDetectors/HarrisDetector/Examples/HarrisDetector_test.ikc" />
		<Unit filename="../../../Source/Modules/VisionModules/ImageOperators/CurvatureDetectors/HarrisDetector/HarrisDetector.cc" />
		<Unit filename="../../../Source/Modules/VisionModules/ImageOperators/CurvatureDetectors/HarrisDetector/HarrisDetector.h" />
		<Unit filename="../../../Source/Modules/VisionModules/ImageOperators/CurvatureDetectors/HarrisDetector/HarrisDetector.ikc" />
		<Unit filename="../../../Source/Modules/VisionModules/ImageOperators/EdgeDetectors/CannyEdgeDetector/CannyEdgeDetector.cc" />
		<Unit filename="../../../Source/Modules/VisionModules/ImageOperators/EdgeDetectors/CannyEdgeDetector/CannyEdgeDetector.h" />
		<Unit filename="../../../Source/Modules/VisionModules/ImageOperators/EdgeDetectors/CannyEdgeDetector/CannyEdgeDetector.ikc" />
		<Unit filename="../../../Source/Modules/VisionModules/ImageOperators/EdgeDetectors/CannyEdgeDetector/Examples/CannyEdgeDetector_test.ikc" />
		<Unit filename="../../../Source/Modules/VisionModules/ImageOperators/EdgeDetectors/GaussianEdgeDetector/Examples/GaussianEdgeDetector_test.ikc" />
		<Unit filename="../../../Source/Modules/VisionModules/ImageOperators/EdgeDetectors/GaussianEdgeDetector/GaussianEdgeDetector.cc" />
		<Unit filename="../../../Source/Modules/VisionModules/ImageOperators/EdgeDetectors/GaussianEdgeDetector/GaussianEdgeDetector.h" />
		<Unit filename="../../../Source/Modules/VisionModules/ImageOperators/EdgeDetectors/GaussianEdgeDetector/GaussianEdgeDetector.ikc" />
		<Unit filename="../../../Source/Modules/VisionModules/ImageOperators/EdgeDetectors/HysteresisThresholding/HysteresisThresholding.cc" />
		<Unit filename="../../../Source/Modules/VisionModules/ImageOperators/EdgeDetectors/HysteresisThresholding/HysteresisThresholding.h" />
		<Unit filename="../../../Source/Modules/VisionModules/ImageOperators/EdgeDetectors/HysteresisThresholding/HysteresisThresholding.ikc" />
		<Unit filename="../../../Source/Modules/VisionModules/ImageOperators/EdgeDetectors/PrewittEdgeDetector/PrewittEdgeDetector.cc" />
		<Unit filename="../../../Source/Modules/VisionModules/ImageOperators/EdgeDetectors/PrewittEdgeDetector/PrewittEdgeDetector.h" />
		<Unit filename="../../../Source/Modules/VisionModules/ImageOperators/EdgeDetectors/PrewittEdgeDetector/PrewittEdgeDetector.ikc" />
		<Unit filename="../../../Source/Modules/VisionModules/ImageOperators/EdgeDetectors/RobertsEdgeDetector/RobertsEdgeDetector.cc" />
		<Unit filename="../../../Source/Modules/VisionModules/ImageOperators/EdgeDetectors/RobertsEdgeDetector/RobertsEdgeDetector.h" />
		<Unit filename="../../../Source/Modules/VisionModules/ImageOperators/EdgeDetectors/RobertsEdgeDetector/RobertsEdgeDetector.ikc" />
		<Unit filename="../../../Source/Modules/VisionModules/ImageOperators/EdgeDetectors/SobelEdgeDetector/SobelEdgeDetector.cc" />
		<Unit filename="../../../Source/Modules/VisionModules/ImageOperators/EdgeDetectors/SobelEdgeDetector/SobelEdgeDetector.h" />
		<Unit filename="../../../Source/Modules/VisionModules/ImageOperators/EdgeDetectors/SobelEdgeDetector/SobelEdgeDetector.ikc" />
		<Unit filename="../../../Source/Modules/VisionModules/ImageOperators/GaborFilter/Examples/GaborFilter_test.ikc" />
		<Unit filename="../../../Source/Modules/VisionModules/ImageOperators/GaborFilter/GaborFilter.cc" />
		<Unit filename="../../../Source/Modules/VisionModules/ImageOperators/GaborFilter/GaborFilter.h" />
		<Unit filename="../../../Source/Modules/VisionModules/ImageOperators/GaborFilter/GaborFilter.ikc" />
		<Unit filename="../../../Source/Modules/VisionModules/ImageOperators/MorphologicalOperators/Dilate/Dilate.cc" />
		<Unit filename="../../../Source/Modules/VisionModules/ImageOperators/MorphologicalOperators/Dilate/Dilate.h" />
		<Unit filename="../../../Source/Modules/VisionModules/ImageOperators/MorphologicalOperators/Dilate/Dilate.ikc" />
		<Unit filename="../../../Source/Modules/VisionModules/ImageOperators/MorphologicalOperators/Erode/Erode.cc" />
		<Unit filename="../../../Source/Modules/VisionModules/ImageOperators/MorphologicalOperators/Erode/Erode.h" />
		<Unit filename="../../../Source/Modules/VisionModules/ImageOperators/MorphologicalOperators/Erode/Erode.ikc" />
		<Unit filename="../../../Source/Modules/VisionModules/SaliencyMap/Examples/SaliencyMap_test.ikc" />
		<Unit filename="../../../Source/Modules/VisionModules/SaliencyMap/SaliencyMap.cc" />
		<Unit filename="../../../Source/Modules/VisionModules/SaliencyMap/SaliencyMap.h" />
		<Unit filename="../../../Source/Modules/VisionModules/SaliencyMap/SaliencyMap.ikc" />
		<Unit filename="../../../Source/Modules/VisionModules/Scaling/Downsample/Downsample.cc" />
		<Unit filename="../../../Source/Modules/VisionModules/Scaling/Downsample/Downsample.h" />
		<Unit filename="../../../Source/Modules/VisionModules/Scaling/Downsample/Downsample.ikc" />
		<Unit filename="../../../Source/Modules/VisionModules/Scaling/Downsample/Examples/Downsample_test.ikc" />
		<Unit filename="../../../Source/Modules/VisionModules/Scaling/Upsample/Examples/Upsample_test.ikc" />
		<Unit filename="../../../Source/Modules/VisionModules/Scaling/Upsample/Upsample.cc" />
		<Unit filename="../../../Source/Modules/VisionModules/Scaling/Upsample/Upsample.h" />
		<Unit filename="../../../Source/Modules/VisionModules/Scaling/Upsample/Upsample.ikc" />
		<Unit filename="../../../Source/Modules/VisionModules/SpatialClustering/Examples/SpatialClustering_test.ikc" />
		<Unit filename="../../../Source/Modules/VisionModules/SpatialClustering/SpatialClustering.cc" />
		<Unit filename="../../../Source/Modules/VisionModules/SpatialClustering/SpatialClustering.h" />
		<Unit filename="../../../Source/Modules/VisionModules/SpatialClustering/SpatialClustering.ikc" />
		<Unit filename="../../../Source/Modules/VisionModules/WhiteBalance/Examples/WhiteBalance_test.ikc" />
		<Unit filename="../../../Source/Modules/VisionModules/WhiteBalance/WhiteBalance.cc" />
		<Unit filename="../../../Source/Modules/VisionModules/WhiteBalance/WhiteBalance.h" />
		<Unit filename="../../../Source/Modules/VisionModules/WhiteBalance/WhiteBalance.ikc" />
		<Unit filename="../../../Source/UserModules/AddingUserModules.html" />
		<Unit filename="../../../Source/UserModules/MinimalModule/MinimalModule.cc" />
		<Unit filename="../../../Source/UserModules/MinimalModule/MinimalModule.h" />
		<Unit filename="../../../Source/UserModules/MinimalModule/MinimalModule.ikc" />
		<Unit filename="../../../Source/UserModules/MyModule/Examples/MyModule_test.ikc" />
		<Unit filename="../../../Source/UserModules/MyModule/MyModule.cc" />
		<Unit filename="../../../Source/UserModules/MyModule/MyModule.h" />
		<Unit filename="../../../Source/UserModules/MyModule/MyModule.ikc" />
		<Unit filename="../../../Source/UserModules/MyNewModule/Examples/MyNewModule_test.ikc" />
		<Unit filename="../../../Source/UserModules/MyNewModule/MyNewModule.ikc" />
		<Unit filename="../../../Source/UserModules/UserModules.h" />
		<Unit filename="../../../Source/WebUI/UI/404.html" />
		<Unit filename="../../../Source/WebUI/UI/404.jpg" />
		<Unit filename="../../../Source/WebUI/UI/Buttons/pause.png" />
		<Unit filename="../../../Source/WebUI/UI/Buttons/realtime.png" />
		<Unit filename="../../../Source/WebUI/UI/Buttons/run.png" />
		<Unit filename="../../../Source/WebUI/UI/Buttons/step.png" />
		<Unit filename="../../../Source/WebUI/UI/Buttons/stop.png" />
		<Unit filename="../../../Source/WebUI/UI/Classes/ArrayLine.js" />
		<Unit filename="../../../Source/WebUI/UI/Classes/BarGraph.js" />
		<Unit filename="../../../Source/WebUI/UI/Classes/Button.js" />
		<Unit filename="../../../Source/WebUI/UI/Classes/Circle.js" />
		<Unit filename="../../../Source/WebUI/UI/Classes/Cross.js" />
		<Unit filename="../../../Source/WebUI/UI/Classes/Grid.js" />
		<Unit filename="../../../Source/WebUI/UI/Classes/Image.js" />
		<Unit filename="../../../Source/WebUI/UI/Classes/Line.js" />
		<Unit filename="../../../Source/WebUI/UI/Classes/Lines.js" />
		<Unit filename="../../../Source/WebUI/UI/Classes/Plot.js" />
		<Unit filename="../../../Source/WebUI/UI/Classes/Plot3D.js" />
		<Unit filename="../../../Source/WebUI/UI/Classes/PolarPlot.js" />
		<Unit filename="../../../Source/WebUI/UI/Classes/ScatterPlot.js" />
		<Unit filename="../../../Source/WebUI/UI/Classes/Slider.js" />
		<Unit filename="../../../Source/WebUI/UI/Classes/Switch.js" />
		<Unit filename="../../../Source/WebUI/UI/Classes/Table.js" />
		<Unit filename="../../../Source/WebUI/UI/Classes/Text.js" />
		<Unit filename="../../../Source/WebUI/UI/Classes/Trace.js" />
		<Unit filename="../../../Source/WebUI/UI/Classes/Vector.js" />
		<Unit filename="../../../Source/WebUI/UI/Classes/VectorField.js" />
		<Unit filename="../../../Source/WebUI/UI/Classes/button.svg" />
		<Unit filename="../../../Source/WebUI/UI/Classes/button_pressed.svg" />
		<Unit filename="../../../Source/WebUI/UI/Classes/knob.png" />
		<Unit filename="../../../Source/WebUI/UI/Classes/slide_knob.svg" />
		<Unit filename="../../../Source/WebUI/UI/Classes/switch_off.png" />
		<Unit filename="../../../Source/WebUI/UI/Classes/switch_on.png" />
		<Unit filename="../../../Source/WebUI/UI/control.js" />
		<Unit filename="../../../Source/WebUI/UI/editor.js" />
		<Unit filename="../../../Source/WebUI/UI/editor.svg" />
		<Unit filename="../../../Source/WebUI/UI/favicon.ico" />
		<Unit filename="../../../Source/WebUI/UI/index.html" />
		<Unit filename="../../../Source/WebUI/UI/index.ipad.html" />
		<Unit filename="../../../Source/WebUI/UI/inspector.css" />
		<Unit filename="../../../Source/WebUI/UI/inspector.js" />
		<Unit filename="../../../Source/WebUI/UI/link.png" />
		<Unit filename="../../../Source/WebUI/UI/log.html" />
		<Unit filename="../../../Source/WebUI/UI/single.png" />
		<Unit filename="../../../Source/WebUI/UI/split.png" />
		<Unit filename="../../../Source/WebUI/UI/style.css" />
		<Unit filename="../../../Source/WebUI/UI/viewer.css" />
		<Unit filename="../../../Source/WebUI/UI/viewer.js" />
		<Unit filename="../../../Source/WebUI/UI/viewer.svg" />
		<Unit filename="../../../Source/WebUI/WebUI.cc" />
		<Unit filename="../../../Source/WebUI/WebUI.h" />
		<Extensions>
			<code_completion />
			<debugger />
		</Extensions>
	</Project>
</CodeBlocks_project_file>
